// !$*UTF8*$!
{
	archiveVersion = 1;
	classes = {
	};
	objectVersion = 77;
	objects = {

/* Begin PBXBuildFile section */
		025F993FBA0EEFDED92B8334 /* TerminalHostedViewContainerTests.swift in Sources */ = {isa = PBXBuildFile; fileRef = 0AF7234CC5A1F76C14B0993D /* TerminalHostedViewContainerTests.swift */; };
		0394710E6345FB8CA6E6D3E2 /* TerminalRemoteDaemonSessionTransportTests.swift in Sources */ = {isa = PBXBuildFile; fileRef = AC6C4A684BF81437C56D0B63 /* TerminalRemoteDaemonSessionTransportTests.swift */; };
		0BEB4F58E65C35CE4E4EE942 /* ChatView.swift in Sources */ = {isa = PBXBuildFile; fileRef = 0BE5CB8A89417C399DB8D166 /* ChatView.swift */; };
		0E13E7170B1309E70A837976 /* TerminalServerDiscoveryTests.swift in Sources */ = {isa = PBXBuildFile; fileRef = B3AB7F6EDF5EAD33D2999B65 /* TerminalServerDiscoveryTests.swift */; };
		1213CAB1F473B2E96C721DD2 /* GhosttySurfaceView.swift in Sources */ = {isa = PBXBuildFile; fileRef = E328A139A850C17BC15CF66D /* GhosttySurfaceView.swift */; };
		16C02A0973FA8B3803D42649 /* TerminalRemoteDaemonBootstrapTests.swift in Sources */ = {isa = PBXBuildFile; fileRef = 5A6987D4D8BBDFF129D00239 /* TerminalRemoteDaemonBootstrapTests.swift */; };
		1AB68DA70F76F585B6332F68 /* KeyboardSyncUITests.swift in Sources */ = {isa = PBXBuildFile; fileRef = C18818FD4536DFDC6D6FA1D5 /* KeyboardSyncUITests.swift */; };
		2089287FAA0E57B0C659B8F6 /* Sentry in Frameworks */ = {isa = PBXBuildFile; productRef = 2AB0CD82D816F53E55B1E103 /* Sentry */; };
		20A59B687D0399C43C985B31 /* DebugInputBar.swift in Sources */ = {isa = PBXBuildFile; fileRef = B87CA70AD58D024077E85845 /* DebugInputBar.swift */; };
		2283F03332355B2A6F811710 /* ChatApproachI_Fix1Default.swift in Sources */ = {isa = PBXBuildFile; fileRef = 8E3A23AD3BA4B17B7605CCBC /* ChatApproachI_Fix1Default.swift */; };
		24D8752AB97DB126660D8F81 /* ConvexTestView.swift in Sources */ = {isa = PBXBuildFile; fileRef = E6A61F42F94D17993038F637 /* ConvexTestView.swift */; };
		29606302C1FFC54BAC331C75 /* TerminalSSHPrivateKeyParserTests.swift in Sources */ = {isa = PBXBuildFile; fileRef = B1032CDFED9B211EDD9B0E14 /* TerminalSSHPrivateKeyParserTests.swift */; };
		2DB9C156570A2D238973F0A7 /* TerminalDirectDaemonTransport.swift in Sources */ = {isa = PBXBuildFile; fileRef = B32C00E055BF7D0F1294BC39 /* TerminalDirectDaemonTransport.swift */; };
		2EAEA1238FB4E804F35A28F6 /* MultilineInputUITests.swift in Sources */ = {isa = PBXBuildFile; fileRef = A6673EB0D4EAD00E8605146E /* MultilineInputUITests.swift */; };
		31923ED8E47C92DBCB804037 /* TerminalRemoteDaemonBootstrap.swift in Sources */ = {isa = PBXBuildFile; fileRef = E0936F75F53B4C96DFB5195B /* TerminalRemoteDaemonBootstrap.swift */; };
		35DD00750B94902B2CF0CDF6 /* ShortThreadLayoutUITests.swift in Sources */ = {isa = PBXBuildFile; fileRef = 9F680356269E010CC8DDF11B /* ShortThreadLayoutUITests.swift */; };
		361B05C412BFA1E44BDCAD39 /* Models.swift in Sources */ = {isa = PBXBuildFile; fileRef = D9BA577D046F9E3C331F4986 /* Models.swift */; };
		36C1EC806C4BE2DFF9644812 /* Localizable.xcstrings in Resources */ = {isa = PBXBuildFile; fileRef = FF8733643DEE67DE349BDA51 /* Localizable.xcstrings */; };
		3A4695603F64ECCDFE601043 /* ToolCallModels.swift in Sources */ = {isa = PBXBuildFile; fileRef = F777FEA9A0D8BB7601CE1AED /* ToolCallModels.swift */; };
		3A6FD7E27F3723EF627744A9 /* StackAuthProvider.swift in Sources */ = {isa = PBXBuildFile; fileRef = BF2848CBEF6B2A130DF4C9D2 /* StackAuthProvider.swift */; };
		3DE7F3A79D502AEDDC40CB8C /* ToolCallFormattingTests.swift in Sources */ = {isa = PBXBuildFile; fileRef = 2B426546C011580A0014F89F /* ToolCallFormattingTests.swift */; };
		4096420F4E5B6EC7D57F4201 /* GhosttyRuntime.swift in Sources */ = {isa = PBXBuildFile; fileRef = 94978287D80E12EC6746F582 /* GhosttyRuntime.swift */; };
		40FDF9AA8CA2215311B9E5D2 /* AuthError.swift in Sources */ = {isa = PBXBuildFile; fileRef = 263881D640CF9D1EEC1D093E /* AuthError.swift */; };
		4A4D281FC297CF88E42279DB /* TerminalDaemonTicketService.swift in Sources */ = {isa = PBXBuildFile; fileRef = 13026270BE423ED61F7CFF2A /* TerminalDaemonTicketService.swift */; };
		506B3981B0CDF6B2E5759793 /* TerminalRemoteDaemonBootstrapTransport.swift in Sources */ = {isa = PBXBuildFile; fileRef = 09845253A2CD1B748C97D0AA /* TerminalRemoteDaemonBootstrapTransport.swift */; };
		546B55F43E170A912E2EC394 /* UITestMockData.swift in Sources */ = {isa = PBXBuildFile; fileRef = B79B9D0409D6912DC37DC5B0 /* UITestMockData.swift */; };
		5479917679421FDD8C3C2995 /* ChatFix4_ScrollViewDelegate.swift in Sources */ = {isa = PBXBuildFile; fileRef = 2371E50D0E3E362104DE9177 /* ChatFix4_ScrollViewDelegate.swift */; };
		552BD8E20BD5EF0D6978E7D3 /* TerminalRemoteDaemonBootstrapSession.swift in Sources */ = {isa = PBXBuildFile; fileRef = DF69F5CA6E10CD6AB4B14E32 /* TerminalRemoteDaemonBootstrapSession.swift */; };
		55D60041574DA2B8C72B2070 /* TerminalInputTextViewTests.swift in Sources */ = {isa = PBXBuildFile; fileRef = 1452195686F7B6337398E040 /* TerminalInputTextViewTests.swift */; };
		5ADD69A102CC3AE5FF533DCC /* ChatFix1MainMockUITests.swift in Sources */ = {isa = PBXBuildFile; fileRef = D6035599D28E289AD2154C1C /* ChatFix1MainMockUITests.swift */; };
		5B58797913652584F21E1C21 /* TerminalRemoteDaemonClient.swift in Sources */ = {isa = PBXBuildFile; fileRef = ED8D289561E0CD0751738BF9 /* TerminalRemoteDaemonClient.swift */; };
		5FE9793039F5691D04C24116 /* StackAuthUser.swift in Sources */ = {isa = PBXBuildFile; fileRef = E6EA26D914C01843EF8738A6 /* StackAuthUser.swift */; };
		60A9701B4F40DE9C6371D255 /* TerminalRemoteDaemonBootstrapSessionTests.swift in Sources */ = {isa = PBXBuildFile; fileRef = 99867073C84E357DB4E04C20 /* TerminalRemoteDaemonBootstrapSessionTests.swift */; };
		62B9ED1C5595D566F2303691 /* TerminalRemoteDaemonBootstrapTransportTests.swift in Sources */ = {isa = PBXBuildFile; fileRef = 4A6F50FA00DCA45209FE3C4D /* TerminalRemoteDaemonBootstrapTransportTests.swift */; };
		65E76B2DE8870BF62C89A260 /* MarkdownDebugView.swift in Sources */ = {isa = PBXBuildFile; fileRef = B26AF47B779BEDAA689F7CAA /* MarkdownDebugView.swift */; };
		67FDF64AED03B9C8A6E64C97 /* TerminalRemoteDaemonClientTests.swift in Sources */ = {isa = PBXBuildFile; fileRef = AAE3095B52D831E750A0922D /* TerminalRemoteDaemonClientTests.swift */; };
		687D33C05FF829D5B9643193 /* TerminalDirectDaemonTransportTests.swift in Sources */ = {isa = PBXBuildFile; fileRef = 09733A7FCCDF100195232A2A /* TerminalDirectDaemonTransportTests.swift */; };
		68B4B225545A7A89E03C5CE8 /* TerminalSidebarStore.swift in Sources */ = {isa = PBXBuildFile; fileRef = 637C2D9FDB05591FA3059FC3 /* TerminalSidebarStore.swift */; };
		69995971655E7D3B5A3D329D /* TerminalBackendContracts.swift in Sources */ = {isa = PBXBuildFile; fileRef = BF2A5F96F101FD1746C3FB91 /* TerminalBackendContracts.swift */; };
		6A5960808C1C40C3C1DEEA2E /* ChatFix5_ReducePadding.swift in Sources */ = {isa = PBXBuildFile; fileRef = 1C74190A1F266AB5E2C38455 /* ChatFix5_ReducePadding.swift */; };
		6D697DF3D11308026F0F628D /* TerminalHomeUITests.swift in Sources */ = {isa = PBXBuildFile; fileRef = AB6598621689AE13A02FE2B9 /* TerminalHomeUITests.swift */; };
		6DAA11BC61CC059E80AE3598 /* AuthPresentationContextProvider.swift in Sources */ = {isa = PBXBuildFile; fileRef = 194FA6A3C28159BD0744F6F5 /* AuthPresentationContextProvider.swift */; };
		6ED3832765AAB169F7254054 /* ContentView.swift in Sources */ = {isa = PBXBuildFile; fileRef = 1B8CDE2F6CDCAB37E3107C76 /* ContentView.swift */; };
		70A45D6AC127FEFAC106706A /* NIOSSH in Frameworks */ = {isa = PBXBuildFile; productRef = F8A885851E1A86504D3A59DE /* NIOSSH */; };
		7113C9A8A0721FEEF9858291 /* TerminalDaemonTicketServiceTests.swift in Sources */ = {isa = PBXBuildFile; fileRef = A23F39B8D1A3374D480D74CC /* TerminalDaemonTicketServiceTests.swift */; };
		7A7007C7A17622511B851653 /* TerminalRemoteDaemonSessionTransport.swift in Sources */ = {isa = PBXBuildFile; fileRef = F75715CFD1F6CCF89AA43D4F /* TerminalRemoteDaemonSessionTransport.swift */; };
		7B08C95E79299E6478B7EA27 /* ChatViewModel.swift in Sources */ = {isa = PBXBuildFile; fileRef = 9E4AC3E9289C53B42C020633 /* ChatViewModel.swift */; };
		7BC4957707C77B5673C971F2 /* CMUXAuthCore in Frameworks */ = {isa = PBXBuildFile; productRef = 72DA3FA7AF11F833C684B151 /* CMUXAuthCore */; };
		7BCA02347A773584F73D8374 /* CodexOAuthView.swift in Sources */ = {isa = PBXBuildFile; fileRef = 298CBAF0C277F506858D625E /* CodexOAuthView.swift */; };
		7CEB70A3CBC95288F0E89525 /* TerminalSidebarStoreTests.swift in Sources */ = {isa = PBXBuildFile; fileRef = 10453F655BBD1B9BA56E633B /* TerminalSidebarStoreTests.swift */; };
		7E0146088B71697EB516611F /* Assets.xcassets in Resources */ = {isa = PBXBuildFile; fileRef = B005E08ACAAF83F6A13F9D8C /* Assets.xcassets */; };
		8030869706BE8FD94533D58A /* ChatApproachI.swift in Sources */ = {isa = PBXBuildFile; fileRef = 9788FAF68766BFAA9A451A8D /* ChatApproachI.swift */; };
		83357B66D3EF312F35A86BB1 /* CMuxApp.swift in Sources */ = {isa = PBXBuildFile; fileRef = 72E20F7A729081D044495605 /* CMuxApp.swift */; };
		838258BE09E72C42988458A3 /* GhosttySurfaceContractTests.swift in Sources */ = {isa = PBXBuildFile; fileRef = F7CFC48A538115F19636C7FE /* GhosttySurfaceContractTests.swift */; };
		8424B24C0FAE9429670DADCD /* ConvexGeneratedTypes.swift in Sources */ = {isa = PBXBuildFile; fileRef = D59F90F1B493E1462D1AD361 /* ConvexGeneratedTypes.swift */; };
		846AE6439CD0C2B3C6D6F0B7 /* AssistantMarkdownView.swift in Sources */ = {isa = PBXBuildFile; fileRef = 72B41842AC501554C1AED8DF /* AssistantMarkdownView.swift */; };
		8625E551A6B6F6F5909F7FD2 /* TerminalDirectDaemonClient.swift in Sources */ = {isa = PBXBuildFile; fileRef = 3F0D6D7E549075AEEF31EB2C /* TerminalDirectDaemonClient.swift */; };
		87604A0FF2E199441D677A91 /* TerminalSessionControllerTests.swift in Sources */ = {isa = PBXBuildFile; fileRef = EE3884528C0D5F6A9057113A /* TerminalSessionControllerTests.swift */; };
		88192500271447E51CF6B653 /* LocalConfig.example.plist in Resources */ = {isa = PBXBuildFile; fileRef = D01F9176DE666BAE97AA807B /* LocalConfig.example.plist */; };
		8B6A74AEAD4EC07300279462 /* ConvexMobile in Frameworks */ = {isa = PBXBuildFile; productRef = 4C0C333BDE07456C757877E2 /* ConvexMobile */; };
		8C11E78F09BA811A5EBC33CC /* ChatFix1MainView.swift in Sources */ = {isa = PBXBuildFile; fileRef = 4296ACD1C15CC2E35AE162CC /* ChatFix1MainView.swift */; };
		8D3227A416DC344EFBA9B571 /* StackAuthApp.swift in Sources */ = {isa = PBXBuildFile; fileRef = A55B47F6C8EE5C8DE853A4EB /* StackAuthApp.swift */; };
		8DF015A1566E9F288F30C460 /* DebugSettings.swift in Sources */ = {isa = PBXBuildFile; fileRef = CAECD9944A3CB4779597B8A3 /* DebugSettings.swift */; };
		8FB1CB1D89D93D703FFE61BA /* ChatFix3_AdjustedContentInset.swift in Sources */ = {isa = PBXBuildFile; fileRef = 8B4E7CFD0EE433DFB9F348A0 /* ChatFix3_AdjustedContentInset.swift */; };
		93FED7D20FA11DDB6B9201CA /* NotificationManager.swift in Sources */ = {isa = PBXBuildFile; fileRef = A86C27D01D6AF427F7C40487 /* NotificationManager.swift */; };
		9A0A85BFEEC1B1AE2E063847 /* ConversationsViewModel.swift in Sources */ = {isa = PBXBuildFile; fileRef = A5B2D4A0933DB97461CCAB77 /* ConversationsViewModel.swift */; };
		9EB96B73ED90EFCD0F84F65F /* TerminalWorkspaceIdentityService.swift in Sources */ = {isa = PBXBuildFile; fileRef = AACCDC348F58B9D5A5304884 /* TerminalWorkspaceIdentityService.swift */; };
		A2B59D2AD87AE0BA84CFFC76 /* DebugLogsView.swift in Sources */ = {isa = PBXBuildFile; fileRef = 68E69A89B3FB515C851F131B /* DebugLogsView.swift */; };
		A48BAECA5F3A97AD824F37DB /* MarkdownLinkSafetyPolicyTests.swift in Sources */ = {isa = PBXBuildFile; fileRef = 68BEA95345A362BB4709F31F /* MarkdownLinkSafetyPolicyTests.swift */; };
		AAB8DE3ACC210EBA742B146A /* TerminalWorkspaceMetadataService.swift in Sources */ = {isa = PBXBuildFile; fileRef = 9F488AD91D3EBE1FE97962C7 /* TerminalWorkspaceMetadataService.swift */; };
		AFF36DFB0FF0DD03BE8B5FBA /* AssistantMessageItemBuilderTests.swift in Sources */ = {isa = PBXBuildFile; fileRef = 836C6B232CBB4E70EA93010E /* AssistantMessageItemBuilderTests.swift */; };
		B0D54FA54A22B339C183AFE8 /* TerminalTextInputPipelineTests.swift in Sources */ = {isa = PBXBuildFile; fileRef = 28D639E6992408AFD926D7AD /* TerminalTextInputPipelineTests.swift */; };
		B2DC2BC8C0D8DFC2241C18A5 /* InputStrategyLabUITests.swift in Sources */ = {isa = PBXBuildFile; fileRef = C032FB689174A5691978BF3C /* InputStrategyLabUITests.swift */; };
		B33E95CE38F4CD0028692606 /* AssistantMarkdownParserTests.swift in Sources */ = {isa = PBXBuildFile; fileRef = 886DCFDB1E85AF3B4A4C7815 /* AssistantMarkdownParserTests.swift */; };
		B6A62131AD984521B5A6B183 /* InputStrategyLabView.swift in Sources */ = {isa = PBXBuildFile; fileRef = EA3E777383A04F6153583A5E /* InputStrategyLabView.swift */; };
		C335C06261DCD7CA24B1D003 /* UITestConfig.swift in Sources */ = {isa = PBXBuildFile; fileRef = 4EFD4970FE1D3699CBDB7029 /* UITestConfig.swift */; };
		C385AE05DF9F082BADE737A3 /* StackAuth in Frameworks */ = {isa = PBXBuildFile; productRef = 70B7D8E8C4D0F73976222600 /* StackAuth */; };
		C3A0857225193CFE6C5647A3 /* NotificationTokenStore.swift in Sources */ = {isa = PBXBuildFile; fileRef = 94431CD1B2F69881E045321C /* NotificationTokenStore.swift */; };
		C4E8809F37CA5B7300279529 /* SignInViewTests.swift in Sources */ = {isa = PBXBuildFile; fileRef = D6C070B608461E44053FC885 /* SignInViewTests.swift */; };
		C7D1BFF48FD30657271F28AE /* NIOTransportServices in Frameworks */ = {isa = PBXBuildFile; productRef = CA746152467B13A53B76C9C1 /* NIOTransportServices */; };
		C9E3B69A93DD87E682311505 /* SignInView.swift in Sources */ = {isa = PBXBuildFile; fileRef = 88ED9D7168B6FC097B490637 /* SignInView.swift */; };
		CA480C6041256D98676F5C8D /* TerminalModels.swift in Sources */ = {isa = PBXBuildFile; fileRef = 44C786211D181C6EAC4FBAAB /* TerminalModels.swift */; };
		CC62BB48ED0957484E001EFB /* ConversationE2ETests.swift in Sources */ = {isa = PBXBuildFile; fileRef = D4D3B3CB64500DDB27D7C781 /* ConversationE2ETests.swift */; };
		CEADBC899865019DA2333129 /* TerminalReconnectUITests.swift in Sources */ = {isa = PBXBuildFile; fileRef = B04A72C0E65996D39B749EC4 /* TerminalReconnectUITests.swift */; };
		D593A476423097F95F227570 /* ChatFix2_InputBarHeightOnly.swift in Sources */ = {isa = PBXBuildFile; fileRef = F1AB960D917D344F2BB227AC /* ChatFix2_InputBarHeightOnly.swift */; };
		D71540B39A0E33807FB77410 /* AuthManager.swift in Sources */ = {isa = PBXBuildFile; fileRef = 79D367AC3D322118AE559DBF /* AuthManager.swift */; };
		D8A1B4B558D251DE7BF82D4A /* InputPillVisibilityAssertions.swift in Sources */ = {isa = PBXBuildFile; fileRef = FADE32B7A47A43C3608972AC /* InputPillVisibilityAssertions.swift */; };
		DCEF7D27D2624C7E3F7B4E14 /* ChatDebugMenu.swift in Sources */ = {isa = PBXBuildFile; fileRef = 80C3A9D5662A04DE39FD3844 /* ChatDebugMenu.swift */; };
		DD0311DAE14E36ADFFD82BA7 /* TerminalDirectDaemonClientTests.swift in Sources */ = {isa = PBXBuildFile; fileRef = 9566325CEFAAF2297A4320B4 /* TerminalDirectDaemonClientTests.swift */; };
		E3FA94BC78BB51AAFD61D055 /* CMUXAuthCore in Frameworks */ = {isa = PBXBuildFile; productRef = 81DC3D6788E64B002C6B080E /* CMUXAuthCore */; };
		E53E64DA59BFCB7E396E0865 /* AuthPersistenceUITests.swift in Sources */ = {isa = PBXBuildFile; fileRef = F7D3C06944393B0EE29C331C /* AuthPersistenceUITests.swift */; };
		E573D865E627EE8A10F0599A /* ConversationReadOverrides.swift in Sources */ = {isa = PBXBuildFile; fileRef = 5D62642C09CEB3EB28FD2733 /* ConversationReadOverrides.swift */; };
		E7EEA30775541759E8B3D153 /* TerminalServerDiscovery.swift in Sources */ = {isa = PBXBuildFile; fileRef = C23026BB86D65831DC46C0F9 /* TerminalServerDiscovery.swift */; };
		E8B13DCB9119C652559B6070 /* DebugLogStore.swift in Sources */ = {isa = PBXBuildFile; fileRef = 4873F8C34F5557AD1E6F6CF3 /* DebugLogStore.swift */; };
		E9D2BFC8E39842DB720CAD9D /* ConversationListView.swift in Sources */ = {isa = PBXBuildFile; fileRef = BCD6DF60D6756BE09A1CFEE9 /* ConversationListView.swift */; };
		EA2D0A26446CB2B9E8AF3E56 /* MessagePositionUITests.swift in Sources */ = {isa = PBXBuildFile; fileRef = 605A8CE9A196BFC7BD787310 /* MessagePositionUITests.swift */; };
		EC388CAF55CB58BE5B5D2654 /* Environment.swift in Sources */ = {isa = PBXBuildFile; fileRef = D8732D7AB61D4190BACAAB03 /* Environment.swift */; };
		F024C0FD39B57208895F9153 /* ConvexClient.swift in Sources */ = {isa = PBXBuildFile; fileRef = 6679E0C9833E77D4A4295D4C /* ConvexClient.swift */; };
		F2D5F9A2DD344F4960B3C539 /* TerminalSSHTransport.swift in Sources */ = {isa = PBXBuildFile; fileRef = F5D8C6F76B0CD1088E29D61F /* TerminalSSHTransport.swift */; };
		F3849C68122B1FDC0AF85654 /* StackAuthSessionTests.swift in Sources */ = {isa = PBXBuildFile; fileRef = 245DF39EF320A4BE4F9693E1 /* StackAuthSessionTests.swift */; };
		F51147F292563E8B2503D43E /* ChatFix1_ContentInsetNever.swift in Sources */ = {isa = PBXBuildFile; fileRef = 38A50394379F40101C8A95FC /* ChatFix1_ContentInsetNever.swift */; };
		F6098AD7DB98B95086FD932A /* ChatKeyboardContainer.swift in Sources */ = {isa = PBXBuildFile; fileRef = AEA367B39118F09C4A8989FF /* ChatKeyboardContainer.swift */; };
		F716BD344C0F0A5FB54B579B /* TerminalSSHPrivateKeyParser.swift in Sources */ = {isa = PBXBuildFile; fileRef = 671A9DCE5A79588B473BB6CD /* TerminalSSHPrivateKeyParser.swift */; };
		F71E8618CF810AB6E4D574F7 /* TerminalSidebarRootView.swift in Sources */ = {isa = PBXBuildFile; fileRef = A0F109D38A196A6E1D2EC346 /* TerminalSidebarRootView.swift */; };
		FA5C9FC319F208F785750A51 /* ConvexApiTypes.swift in Sources */ = {isa = PBXBuildFile; fileRef = 2F94540C907EB9AC1DCCD6DD /* ConvexApiTypes.swift */; };
		FB3565D07FB550B57259856D /* TerminalServerCatalog.swift in Sources */ = {isa = PBXBuildFile; fileRef = 53284AC109063E406D6F0304 /* TerminalServerCatalog.swift */; };
		FC7437EF35914FCEEF7909AF /* CrashReporter.swift in Sources */ = {isa = PBXBuildFile; fileRef = DEF1E409D552C017B2175D56 /* CrashReporter.swift */; };
		FE419265CCE6845AF5CCBE71 /* TerminalServerCatalogTests.swift in Sources */ = {isa = PBXBuildFile; fileRef = 861ECCACD62AFC02BD3400DD /* TerminalServerCatalogTests.swift */; };
		FF9986603E0678AFADBA5539 /* NIOCore in Frameworks */ = {isa = PBXBuildFile; productRef = 5A0190878FCF3FB8AC238548 /* NIOCore */; };
/* End PBXBuildFile section */

/* Begin PBXContainerItemProxy section */
		5309AA5CCAC5CAADF68B53C4 /* PBXContainerItemProxy */ = {
			isa = PBXContainerItemProxy;
			containerPortal = 0BC297CC62DC5C500BBEB719 /* Project object */;
			proxyType = 1;
			remoteGlobalIDString = D6E5ED0C8EADF9B00BC1627F;
			remoteInfo = cmux;
		};
		F95401833265F5A77B9E656A /* PBXContainerItemProxy */ = {
			isa = PBXContainerItemProxy;
			containerPortal = 0BC297CC62DC5C500BBEB719 /* Project object */;
			proxyType = 1;
			remoteGlobalIDString = D6E5ED0C8EADF9B00BC1627F;
			remoteInfo = cmux;
		};
/* End PBXContainerItemProxy section */

/* Begin PBXFileReference section */
		074C11F04DFA0038FE350494 /* Ghostty-Bridging-Header.h */ = {isa = PBXFileReference; lastKnownFileType = sourcecode.c.h; path = "Ghostty-Bridging-Header.h"; sourceTree = "<group>"; };
		09733A7FCCDF100195232A2A /* TerminalDirectDaemonTransportTests.swift */ = {isa = PBXFileReference; lastKnownFileType = sourcecode.swift; path = TerminalDirectDaemonTransportTests.swift; sourceTree = "<group>"; };
		09845253A2CD1B748C97D0AA /* TerminalRemoteDaemonBootstrapTransport.swift */ = {isa = PBXFileReference; lastKnownFileType = sourcecode.swift; path = TerminalRemoteDaemonBootstrapTransport.swift; sourceTree = "<group>"; };
		0AF7234CC5A1F76C14B0993D /* TerminalHostedViewContainerTests.swift */ = {isa = PBXFileReference; lastKnownFileType = sourcecode.swift; path = TerminalHostedViewContainerTests.swift; sourceTree = "<group>"; };
		0BE5CB8A89417C399DB8D166 /* ChatView.swift */ = {isa = PBXFileReference; lastKnownFileType = sourcecode.swift; path = ChatView.swift; sourceTree = "<group>"; };
		0F241FC72015E72146A38C3C /* CMUXAuthCore */ = {isa = PBXFileReference; lastKnownFileType = folder; name = CMUXAuthCore; path = ../Packages/CMUXAuthCore; sourceTree = SOURCE_ROOT; };
		10453F655BBD1B9BA56E633B /* TerminalSidebarStoreTests.swift */ = {isa = PBXFileReference; lastKnownFileType = sourcecode.swift; path = TerminalSidebarStoreTests.swift; sourceTree = "<group>"; };
		11FDA33BEEC1CF80A72481D0 /* cmuxd-remote */ = {isa = PBXFileReference; path = "cmuxd-remote"; sourceTree = "<group>"; };
		13026270BE423ED61F7CFF2A /* TerminalDaemonTicketService.swift */ = {isa = PBXFileReference; lastKnownFileType = sourcecode.swift; path = TerminalDaemonTicketService.swift; sourceTree = "<group>"; };
		1452195686F7B6337398E040 /* TerminalInputTextViewTests.swift */ = {isa = PBXFileReference; lastKnownFileType = sourcecode.swift; path = TerminalInputTextViewTests.swift; sourceTree = "<group>"; };
		194FA6A3C28159BD0744F6F5 /* AuthPresentationContextProvider.swift */ = {isa = PBXFileReference; lastKnownFileType = sourcecode.swift; path = AuthPresentationContextProvider.swift; sourceTree = "<group>"; };
		1B8CDE2F6CDCAB37E3107C76 /* ContentView.swift */ = {isa = PBXFileReference; lastKnownFileType = sourcecode.swift; path = ContentView.swift; sourceTree = "<group>"; };
		1C74190A1F266AB5E2C38455 /* ChatFix5_ReducePadding.swift */ = {isa = PBXFileReference; lastKnownFileType = sourcecode.swift; path = ChatFix5_ReducePadding.swift; sourceTree = "<group>"; };
		2371E50D0E3E362104DE9177 /* ChatFix4_ScrollViewDelegate.swift */ = {isa = PBXFileReference; lastKnownFileType = sourcecode.swift; path = ChatFix4_ScrollViewDelegate.swift; sourceTree = "<group>"; };
		245DF39EF320A4BE4F9693E1 /* StackAuthSessionTests.swift */ = {isa = PBXFileReference; lastKnownFileType = sourcecode.swift; path = StackAuthSessionTests.swift; sourceTree = "<group>"; };
		263881D640CF9D1EEC1D093E /* AuthError.swift */ = {isa = PBXFileReference; lastKnownFileType = sourcecode.swift; path = AuthError.swift; sourceTree = "<group>"; };
		28D639E6992408AFD926D7AD /* TerminalTextInputPipelineTests.swift */ = {isa = PBXFileReference; lastKnownFileType = sourcecode.swift; path = TerminalTextInputPipelineTests.swift; sourceTree = "<group>"; };
		298CBAF0C277F506858D625E /* CodexOAuthView.swift */ = {isa = PBXFileReference; lastKnownFileType = sourcecode.swift; path = CodexOAuthView.swift; sourceTree = "<group>"; };
		2B426546C011580A0014F89F /* ToolCallFormattingTests.swift */ = {isa = PBXFileReference; lastKnownFileType = sourcecode.swift; path = ToolCallFormattingTests.swift; sourceTree = "<group>"; };
		2F94540C907EB9AC1DCCD6DD /* ConvexApiTypes.swift */ = {isa = PBXFileReference; lastKnownFileType = sourcecode.swift; path = ConvexApiTypes.swift; sourceTree = "<group>"; };
		38A50394379F40101C8A95FC /* ChatFix1_ContentInsetNever.swift */ = {isa = PBXFileReference; lastKnownFileType = sourcecode.swift; path = ChatFix1_ContentInsetNever.swift; sourceTree = "<group>"; };
		3A9ADF5829DEF82D33C5EB45 /* cmuxd-remote */ = {isa = PBXFileReference; path = "cmuxd-remote"; sourceTree = "<group>"; };
		3F0D6D7E549075AEEF31EB2C /* TerminalDirectDaemonClient.swift */ = {isa = PBXFileReference; lastKnownFileType = sourcecode.swift; path = TerminalDirectDaemonClient.swift; sourceTree = "<group>"; };
		4296ACD1C15CC2E35AE162CC /* ChatFix1MainView.swift */ = {isa = PBXFileReference; lastKnownFileType = sourcecode.swift; path = ChatFix1MainView.swift; sourceTree = "<group>"; };
		44C786211D181C6EAC4FBAAB /* TerminalModels.swift */ = {isa = PBXFileReference; lastKnownFileType = sourcecode.swift; path = TerminalModels.swift; sourceTree = "<group>"; };
		46410B90D2F45E6882E585AD /* cmux.app */ = {isa = PBXFileReference; includeInIndex = 0; lastKnownFileType = wrapper.application; path = cmux.app; sourceTree = BUILT_PRODUCTS_DIR; };
		4873F8C34F5557AD1E6F6CF3 /* DebugLogStore.swift */ = {isa = PBXFileReference; lastKnownFileType = sourcecode.swift; path = DebugLogStore.swift; sourceTree = "<group>"; };
		4A6F50FA00DCA45209FE3C4D /* TerminalRemoteDaemonBootstrapTransportTests.swift */ = {isa = PBXFileReference; lastKnownFileType = sourcecode.swift; path = TerminalRemoteDaemonBootstrapTransportTests.swift; sourceTree = "<group>"; };
		4EFD4970FE1D3699CBDB7029 /* UITestConfig.swift */ = {isa = PBXFileReference; lastKnownFileType = sourcecode.swift; path = UITestConfig.swift; sourceTree = "<group>"; };
		50F830DDD1823CAE0E4D0CD2 /* cmuxd-remote */ = {isa = PBXFileReference; path = "cmuxd-remote"; sourceTree = "<group>"; };
		53284AC109063E406D6F0304 /* TerminalServerCatalog.swift */ = {isa = PBXFileReference; lastKnownFileType = sourcecode.swift; path = TerminalServerCatalog.swift; sourceTree = "<group>"; };
		5A6987D4D8BBDFF129D00239 /* TerminalRemoteDaemonBootstrapTests.swift */ = {isa = PBXFileReference; lastKnownFileType = sourcecode.swift; path = TerminalRemoteDaemonBootstrapTests.swift; sourceTree = "<group>"; };
		5D62642C09CEB3EB28FD2733 /* ConversationReadOverrides.swift */ = {isa = PBXFileReference; lastKnownFileType = sourcecode.swift; path = ConversationReadOverrides.swift; sourceTree = "<group>"; };
		605A8CE9A196BFC7BD787310 /* MessagePositionUITests.swift */ = {isa = PBXFileReference; lastKnownFileType = sourcecode.swift; path = MessagePositionUITests.swift; sourceTree = "<group>"; };
		637C2D9FDB05591FA3059FC3 /* TerminalSidebarStore.swift */ = {isa = PBXFileReference; lastKnownFileType = sourcecode.swift; path = TerminalSidebarStore.swift; sourceTree = "<group>"; };
		6679E0C9833E77D4A4295D4C /* ConvexClient.swift */ = {isa = PBXFileReference; lastKnownFileType = sourcecode.swift; path = ConvexClient.swift; sourceTree = "<group>"; };
		671A9DCE5A79588B473BB6CD /* TerminalSSHPrivateKeyParser.swift */ = {isa = PBXFileReference; lastKnownFileType = sourcecode.swift; path = TerminalSSHPrivateKeyParser.swift; sourceTree = "<group>"; };
		68BEA95345A362BB4709F31F /* MarkdownLinkSafetyPolicyTests.swift */ = {isa = PBXFileReference; lastKnownFileType = sourcecode.swift; path = MarkdownLinkSafetyPolicyTests.swift; sourceTree = "<group>"; };
		68E69A89B3FB515C851F131B /* DebugLogsView.swift */ = {isa = PBXFileReference; lastKnownFileType = sourcecode.swift; path = DebugLogsView.swift; sourceTree = "<group>"; };
		72B41842AC501554C1AED8DF /* AssistantMarkdownView.swift */ = {isa = PBXFileReference; lastKnownFileType = sourcecode.swift; path = AssistantMarkdownView.swift; sourceTree = "<group>"; };
		72E20F7A729081D044495605 /* CMuxApp.swift */ = {isa = PBXFileReference; lastKnownFileType = sourcecode.swift; path = CMuxApp.swift; sourceTree = "<group>"; };
		79D367AC3D322118AE559DBF /* AuthManager.swift */ = {isa = PBXFileReference; lastKnownFileType = sourcecode.swift; path = AuthManager.swift; sourceTree = "<group>"; };
		80C3A9D5662A04DE39FD3844 /* ChatDebugMenu.swift */ = {isa = PBXFileReference; lastKnownFileType = sourcecode.swift; path = ChatDebugMenu.swift; sourceTree = "<group>"; };
		815D6021ACFFAF2851F86D23 /* stack-auth-swift-sdk-prerelease */ = {isa = PBXFileReference; lastKnownFileType = folder; name = "stack-auth-swift-sdk-prerelease"; path = "vendor/stack-auth-swift-sdk-prerelease"; sourceTree = SOURCE_ROOT; };
		836C6B232CBB4E70EA93010E /* AssistantMessageItemBuilderTests.swift */ = {isa = PBXFileReference; lastKnownFileType = sourcecode.swift; path = AssistantMessageItemBuilderTests.swift; sourceTree = "<group>"; };
		861ECCACD62AFC02BD3400DD /* TerminalServerCatalogTests.swift */ = {isa = PBXFileReference; lastKnownFileType = sourcecode.swift; path = TerminalServerCatalogTests.swift; sourceTree = "<group>"; };
		886DCFDB1E85AF3B4A4C7815 /* AssistantMarkdownParserTests.swift */ = {isa = PBXFileReference; lastKnownFileType = sourcecode.swift; path = AssistantMarkdownParserTests.swift; sourceTree = "<group>"; };
		88ED9D7168B6FC097B490637 /* SignInView.swift */ = {isa = PBXFileReference; lastKnownFileType = sourcecode.swift; path = SignInView.swift; sourceTree = "<group>"; };
		8B4E7CFD0EE433DFB9F348A0 /* ChatFix3_AdjustedContentInset.swift */ = {isa = PBXFileReference; lastKnownFileType = sourcecode.swift; path = ChatFix3_AdjustedContentInset.swift; sourceTree = "<group>"; };
		8E3A23AD3BA4B17B7605CCBC /* ChatApproachI_Fix1Default.swift */ = {isa = PBXFileReference; lastKnownFileType = sourcecode.swift; path = ChatApproachI_Fix1Default.swift; sourceTree = "<group>"; };
		94431CD1B2F69881E045321C /* NotificationTokenStore.swift */ = {isa = PBXFileReference; lastKnownFileType = sourcecode.swift; path = NotificationTokenStore.swift; sourceTree = "<group>"; };
		94978287D80E12EC6746F582 /* GhosttyRuntime.swift */ = {isa = PBXFileReference; lastKnownFileType = sourcecode.swift; path = GhosttyRuntime.swift; sourceTree = "<group>"; };
		9566325CEFAAF2297A4320B4 /* TerminalDirectDaemonClientTests.swift */ = {isa = PBXFileReference; lastKnownFileType = sourcecode.swift; path = TerminalDirectDaemonClientTests.swift; sourceTree = "<group>"; };
		9788FAF68766BFAA9A451A8D /* ChatApproachI.swift */ = {isa = PBXFileReference; lastKnownFileType = sourcecode.swift; path = ChatApproachI.swift; sourceTree = "<group>"; };
		99867073C84E357DB4E04C20 /* TerminalRemoteDaemonBootstrapSessionTests.swift */ = {isa = PBXFileReference; lastKnownFileType = sourcecode.swift; path = TerminalRemoteDaemonBootstrapSessionTests.swift; sourceTree = "<group>"; };
		9E4AC3E9289C53B42C020633 /* ChatViewModel.swift */ = {isa = PBXFileReference; lastKnownFileType = sourcecode.swift; path = ChatViewModel.swift; sourceTree = "<group>"; };
		9F488AD91D3EBE1FE97962C7 /* TerminalWorkspaceMetadataService.swift */ = {isa = PBXFileReference; lastKnownFileType = sourcecode.swift; path = TerminalWorkspaceMetadataService.swift; sourceTree = "<group>"; };
		9F680356269E010CC8DDF11B /* ShortThreadLayoutUITests.swift */ = {isa = PBXFileReference; lastKnownFileType = sourcecode.swift; path = ShortThreadLayoutUITests.swift; sourceTree = "<group>"; };
		A0F109D38A196A6E1D2EC346 /* TerminalSidebarRootView.swift */ = {isa = PBXFileReference; lastKnownFileType = sourcecode.swift; path = TerminalSidebarRootView.swift; sourceTree = "<group>"; };
		A23F39B8D1A3374D480D74CC /* TerminalDaemonTicketServiceTests.swift */ = {isa = PBXFileReference; lastKnownFileType = sourcecode.swift; path = TerminalDaemonTicketServiceTests.swift; sourceTree = "<group>"; };
		A55B47F6C8EE5C8DE853A4EB /* StackAuthApp.swift */ = {isa = PBXFileReference; lastKnownFileType = sourcecode.swift; path = StackAuthApp.swift; sourceTree = "<group>"; };
		A5B2D4A0933DB97461CCAB77 /* ConversationsViewModel.swift */ = {isa = PBXFileReference; lastKnownFileType = sourcecode.swift; path = ConversationsViewModel.swift; sourceTree = "<group>"; };
		A6673EB0D4EAD00E8605146E /* MultilineInputUITests.swift */ = {isa = PBXFileReference; lastKnownFileType = sourcecode.swift; path = MultilineInputUITests.swift; sourceTree = "<group>"; };
		A86C27D01D6AF427F7C40487 /* NotificationManager.swift */ = {isa = PBXFileReference; lastKnownFileType = sourcecode.swift; path = NotificationManager.swift; sourceTree = "<group>"; };
		AACCDC348F58B9D5A5304884 /* TerminalWorkspaceIdentityService.swift */ = {isa = PBXFileReference; lastKnownFileType = sourcecode.swift; path = TerminalWorkspaceIdentityService.swift; sourceTree = "<group>"; };
		AAE3095B52D831E750A0922D /* TerminalRemoteDaemonClientTests.swift */ = {isa = PBXFileReference; lastKnownFileType = sourcecode.swift; path = TerminalRemoteDaemonClientTests.swift; sourceTree = "<group>"; };
		AB6598621689AE13A02FE2B9 /* TerminalHomeUITests.swift */ = {isa = PBXFileReference; lastKnownFileType = sourcecode.swift; path = TerminalHomeUITests.swift; sourceTree = "<group>"; };
		AC6C4A684BF81437C56D0B63 /* TerminalRemoteDaemonSessionTransportTests.swift */ = {isa = PBXFileReference; lastKnownFileType = sourcecode.swift; path = TerminalRemoteDaemonSessionTransportTests.swift; sourceTree = "<group>"; };
		AEA367B39118F09C4A8989FF /* ChatKeyboardContainer.swift */ = {isa = PBXFileReference; lastKnownFileType = sourcecode.swift; path = ChatKeyboardContainer.swift; sourceTree = "<group>"; };
		B005E08ACAAF83F6A13F9D8C /* Assets.xcassets */ = {isa = PBXFileReference; lastKnownFileType = folder.assetcatalog; path = Assets.xcassets; sourceTree = "<group>"; };
		B04A72C0E65996D39B749EC4 /* TerminalReconnectUITests.swift */ = {isa = PBXFileReference; lastKnownFileType = sourcecode.swift; path = TerminalReconnectUITests.swift; sourceTree = "<group>"; };
		B1032CDFED9B211EDD9B0E14 /* TerminalSSHPrivateKeyParserTests.swift */ = {isa = PBXFileReference; lastKnownFileType = sourcecode.swift; path = TerminalSSHPrivateKeyParserTests.swift; sourceTree = "<group>"; };
		B26AF47B779BEDAA689F7CAA /* MarkdownDebugView.swift */ = {isa = PBXFileReference; lastKnownFileType = sourcecode.swift; path = MarkdownDebugView.swift; sourceTree = "<group>"; };
		B32C00E055BF7D0F1294BC39 /* TerminalDirectDaemonTransport.swift */ = {isa = PBXFileReference; lastKnownFileType = sourcecode.swift; path = TerminalDirectDaemonTransport.swift; sourceTree = "<group>"; };
		B3AB7F6EDF5EAD33D2999B65 /* TerminalServerDiscoveryTests.swift */ = {isa = PBXFileReference; lastKnownFileType = sourcecode.swift; path = TerminalServerDiscoveryTests.swift; sourceTree = "<group>"; };
		B79B9D0409D6912DC37DC5B0 /* UITestMockData.swift */ = {isa = PBXFileReference; lastKnownFileType = sourcecode.swift; path = UITestMockData.swift; sourceTree = "<group>"; };
		B87CA70AD58D024077E85845 /* DebugInputBar.swift */ = {isa = PBXFileReference; lastKnownFileType = sourcecode.swift; path = DebugInputBar.swift; sourceTree = "<group>"; };
		BAD03EB210A4715A9AAA35B3 /* cmuxTests.xctest */ = {isa = PBXFileReference; includeInIndex = 0; lastKnownFileType = wrapper.cfbundle; path = cmuxTests.xctest; sourceTree = BUILT_PRODUCTS_DIR; };
		BCD6DF60D6756BE09A1CFEE9 /* ConversationListView.swift */ = {isa = PBXFileReference; lastKnownFileType = sourcecode.swift; path = ConversationListView.swift; sourceTree = "<group>"; };
		BF2848CBEF6B2A130DF4C9D2 /* StackAuthProvider.swift */ = {isa = PBXFileReference; lastKnownFileType = sourcecode.swift; path = StackAuthProvider.swift; sourceTree = "<group>"; };
		BF2A5F96F101FD1746C3FB91 /* TerminalBackendContracts.swift */ = {isa = PBXFileReference; lastKnownFileType = sourcecode.swift; path = TerminalBackendContracts.swift; sourceTree = "<group>"; };
		C032FB689174A5691978BF3C /* InputStrategyLabUITests.swift */ = {isa = PBXFileReference; lastKnownFileType = sourcecode.swift; path = InputStrategyLabUITests.swift; sourceTree = "<group>"; };
		C18818FD4536DFDC6D6FA1D5 /* KeyboardSyncUITests.swift */ = {isa = PBXFileReference; lastKnownFileType = sourcecode.swift; path = KeyboardSyncUITests.swift; sourceTree = "<group>"; };
		C23026BB86D65831DC46C0F9 /* TerminalServerDiscovery.swift */ = {isa = PBXFileReference; lastKnownFileType = sourcecode.swift; path = TerminalServerDiscovery.swift; sourceTree = "<group>"; };
		CAECD9944A3CB4779597B8A3 /* DebugSettings.swift */ = {isa = PBXFileReference; lastKnownFileType = sourcecode.swift; path = DebugSettings.swift; sourceTree = "<group>"; };
		CB4B72E3C6B3BD557316FA09 /* cmuxd-remote */ = {isa = PBXFileReference; path = "cmuxd-remote"; sourceTree = "<group>"; };
		D01F9176DE666BAE97AA807B /* LocalConfig.example.plist */ = {isa = PBXFileReference; lastKnownFileType = text.plist; path = LocalConfig.example.plist; sourceTree = "<group>"; };
		D4D3B3CB64500DDB27D7C781 /* ConversationE2ETests.swift */ = {isa = PBXFileReference; lastKnownFileType = sourcecode.swift; path = ConversationE2ETests.swift; sourceTree = "<group>"; };
		D59F90F1B493E1462D1AD361 /* ConvexGeneratedTypes.swift */ = {isa = PBXFileReference; lastKnownFileType = sourcecode.swift; path = ConvexGeneratedTypes.swift; sourceTree = "<group>"; };
		D6035599D28E289AD2154C1C /* ChatFix1MainMockUITests.swift */ = {isa = PBXFileReference; lastKnownFileType = sourcecode.swift; path = ChatFix1MainMockUITests.swift; sourceTree = "<group>"; };
		D6C070B608461E44053FC885 /* SignInViewTests.swift */ = {isa = PBXFileReference; lastKnownFileType = sourcecode.swift; path = SignInViewTests.swift; sourceTree = "<group>"; };
		D8732D7AB61D4190BACAAB03 /* Environment.swift */ = {isa = PBXFileReference; lastKnownFileType = sourcecode.swift; path = Environment.swift; sourceTree = "<group>"; };
		D9BA577D046F9E3C331F4986 /* Models.swift */ = {isa = PBXFileReference; lastKnownFileType = sourcecode.swift; path = Models.swift; sourceTree = "<group>"; };
		DEF1E409D552C017B2175D56 /* CrashReporter.swift */ = {isa = PBXFileReference; lastKnownFileType = sourcecode.swift; path = CrashReporter.swift; sourceTree = "<group>"; };
		DF69F5CA6E10CD6AB4B14E32 /* TerminalRemoteDaemonBootstrapSession.swift */ = {isa = PBXFileReference; lastKnownFileType = sourcecode.swift; path = TerminalRemoteDaemonBootstrapSession.swift; sourceTree = "<group>"; };
		E0936F75F53B4C96DFB5195B /* TerminalRemoteDaemonBootstrap.swift */ = {isa = PBXFileReference; lastKnownFileType = sourcecode.swift; path = TerminalRemoteDaemonBootstrap.swift; sourceTree = "<group>"; };
		E328A139A850C17BC15CF66D /* GhosttySurfaceView.swift */ = {isa = PBXFileReference; lastKnownFileType = sourcecode.swift; path = GhosttySurfaceView.swift; sourceTree = "<group>"; };
		E6A61F42F94D17993038F637 /* ConvexTestView.swift */ = {isa = PBXFileReference; lastKnownFileType = sourcecode.swift; path = ConvexTestView.swift; sourceTree = "<group>"; };
		E6EA26D914C01843EF8738A6 /* StackAuthUser.swift */ = {isa = PBXFileReference; lastKnownFileType = sourcecode.swift; path = StackAuthUser.swift; sourceTree = "<group>"; };
		EA3E777383A04F6153583A5E /* InputStrategyLabView.swift */ = {isa = PBXFileReference; lastKnownFileType = sourcecode.swift; path = InputStrategyLabView.swift; sourceTree = "<group>"; };
		ED8D289561E0CD0751738BF9 /* TerminalRemoteDaemonClient.swift */ = {isa = PBXFileReference; lastKnownFileType = sourcecode.swift; path = TerminalRemoteDaemonClient.swift; sourceTree = "<group>"; };
		EE3884528C0D5F6A9057113A /* TerminalSessionControllerTests.swift */ = {isa = PBXFileReference; lastKnownFileType = sourcecode.swift; path = TerminalSessionControllerTests.swift; sourceTree = "<group>"; };
		EF7C1F4696125951D2F69BC0 /* cmuxUITests.xctest */ = {isa = PBXFileReference; includeInIndex = 0; lastKnownFileType = wrapper.cfbundle; path = cmuxUITests.xctest; sourceTree = BUILT_PRODUCTS_DIR; };
		F1AB960D917D344F2BB227AC /* ChatFix2_InputBarHeightOnly.swift */ = {isa = PBXFileReference; lastKnownFileType = sourcecode.swift; path = ChatFix2_InputBarHeightOnly.swift; sourceTree = "<group>"; };
		F5D8C6F76B0CD1088E29D61F /* TerminalSSHTransport.swift */ = {isa = PBXFileReference; lastKnownFileType = sourcecode.swift; path = TerminalSSHTransport.swift; sourceTree = "<group>"; };
		F75715CFD1F6CCF89AA43D4F /* TerminalRemoteDaemonSessionTransport.swift */ = {isa = PBXFileReference; lastKnownFileType = sourcecode.swift; path = TerminalRemoteDaemonSessionTransport.swift; sourceTree = "<group>"; };
		F777FEA9A0D8BB7601CE1AED /* ToolCallModels.swift */ = {isa = PBXFileReference; lastKnownFileType = sourcecode.swift; path = ToolCallModels.swift; sourceTree = "<group>"; };
		F7CFC48A538115F19636C7FE /* GhosttySurfaceContractTests.swift */ = {isa = PBXFileReference; lastKnownFileType = sourcecode.swift; path = GhosttySurfaceContractTests.swift; sourceTree = "<group>"; };
		F7D3C06944393B0EE29C331C /* AuthPersistenceUITests.swift */ = {isa = PBXFileReference; lastKnownFileType = sourcecode.swift; path = AuthPersistenceUITests.swift; sourceTree = "<group>"; };
		FADE32B7A47A43C3608972AC /* InputPillVisibilityAssertions.swift */ = {isa = PBXFileReference; lastKnownFileType = sourcecode.swift; path = InputPillVisibilityAssertions.swift; sourceTree = "<group>"; };
		FF8733643DEE67DE349BDA51 /* Localizable.xcstrings */ = {isa = PBXFileReference; lastKnownFileType = text.json.xcstrings; path = Localizable.xcstrings; sourceTree = "<group>"; };
/* End PBXFileReference section */

/* Begin PBXFrameworksBuildPhase section */
		619D11C7B9AB804217EA26D4 /* Frameworks */ = {
			isa = PBXFrameworksBuildPhase;
			buildActionMask = 2147483647;
			files = (
				E3FA94BC78BB51AAFD61D055 /* CMUXAuthCore in Frameworks */,
				8B6A74AEAD4EC07300279462 /* ConvexMobile in Frameworks */,
				C385AE05DF9F082BADE737A3 /* StackAuth in Frameworks */,
				2089287FAA0E57B0C659B8F6 /* Sentry in Frameworks */,
				FF9986603E0678AFADBA5539 /* NIOCore in Frameworks */,
				70A45D6AC127FEFAC106706A /* NIOSSH in Frameworks */,
				C7D1BFF48FD30657271F28AE /* NIOTransportServices in Frameworks */,
			);
			runOnlyForDeploymentPostprocessing = 0;
		};
		915911C7213DBC1BCFA1197B /* Frameworks */ = {
			isa = PBXFrameworksBuildPhase;
			buildActionMask = 2147483647;
			files = (
				7BC4957707C77B5673C971F2 /* CMUXAuthCore in Frameworks */,
			);
			runOnlyForDeploymentPostprocessing = 0;
		};
/* End PBXFrameworksBuildPhase section */

/* Begin PBXGroup section */
		0F1AEEAEEF55364C5E4029D3 /* Products */ = {
			isa = PBXGroup;
			children = (
				46410B90D2F45E6882E585AD /* cmux.app */,
				BAD03EB210A4715A9AAA35B3 /* cmuxTests.xctest */,
				EF7C1F4696125951D2F69BC0 /* cmuxUITests.xctest */,
			);
			name = Products;
			sourceTree = "<group>";
		};
		1E475E953D388611EBA89522 /* Shared */ = {
			isa = PBXGroup;
			children = (
				BF2A5F96F101FD1746C3FB91 /* TerminalBackendContracts.swift */,
			);
			name = Shared;
			path = ../Sources/Shared;
			sourceTree = "<group>";
		};
		2CD5B23C9608DC476B35534A /* cmuxTests */ = {
			isa = PBXGroup;
			children = (
				886DCFDB1E85AF3B4A4C7815 /* AssistantMarkdownParserTests.swift */,
				836C6B232CBB4E70EA93010E /* AssistantMessageItemBuilderTests.swift */,
				F7CFC48A538115F19636C7FE /* GhosttySurfaceContractTests.swift */,
				68BEA95345A362BB4709F31F /* MarkdownLinkSafetyPolicyTests.swift */,
				D6C070B608461E44053FC885 /* SignInViewTests.swift */,
				245DF39EF320A4BE4F9693E1 /* StackAuthSessionTests.swift */,
				A23F39B8D1A3374D480D74CC /* TerminalDaemonTicketServiceTests.swift */,
				9566325CEFAAF2297A4320B4 /* TerminalDirectDaemonClientTests.swift */,
				09733A7FCCDF100195232A2A /* TerminalDirectDaemonTransportTests.swift */,
				0AF7234CC5A1F76C14B0993D /* TerminalHostedViewContainerTests.swift */,
				1452195686F7B6337398E040 /* TerminalInputTextViewTests.swift */,
				99867073C84E357DB4E04C20 /* TerminalRemoteDaemonBootstrapSessionTests.swift */,
				5A6987D4D8BBDFF129D00239 /* TerminalRemoteDaemonBootstrapTests.swift */,
				4A6F50FA00DCA45209FE3C4D /* TerminalRemoteDaemonBootstrapTransportTests.swift */,
				AAE3095B52D831E750A0922D /* TerminalRemoteDaemonClientTests.swift */,
				AC6C4A684BF81437C56D0B63 /* TerminalRemoteDaemonSessionTransportTests.swift */,
				861ECCACD62AFC02BD3400DD /* TerminalServerCatalogTests.swift */,
				B3AB7F6EDF5EAD33D2999B65 /* TerminalServerDiscoveryTests.swift */,
				EE3884528C0D5F6A9057113A /* TerminalSessionControllerTests.swift */,
				10453F655BBD1B9BA56E633B /* TerminalSidebarStoreTests.swift */,
				B1032CDFED9B211EDD9B0E14 /* TerminalSSHPrivateKeyParserTests.swift */,
				28D639E6992408AFD926D7AD /* TerminalTextInputPipelineTests.swift */,
				2B426546C011580A0014F89F /* ToolCallFormattingTests.swift */,
			);
			path = cmuxTests;
			sourceTree = "<group>";
		};
		3EC041CE7CBA01395A239037 /* cmuxUITests */ = {
			isa = PBXGroup;
			children = (
				F7D3C06944393B0EE29C331C /* AuthPersistenceUITests.swift */,
				D6035599D28E289AD2154C1C /* ChatFix1MainMockUITests.swift */,
				D4D3B3CB64500DDB27D7C781 /* ConversationE2ETests.swift */,
				FADE32B7A47A43C3608972AC /* InputPillVisibilityAssertions.swift */,
				C032FB689174A5691978BF3C /* InputStrategyLabUITests.swift */,
				C18818FD4536DFDC6D6FA1D5 /* KeyboardSyncUITests.swift */,
				605A8CE9A196BFC7BD787310 /* MessagePositionUITests.swift */,
				A6673EB0D4EAD00E8605146E /* MultilineInputUITests.swift */,
				9F680356269E010CC8DDF11B /* ShortThreadLayoutUITests.swift */,
				AB6598621689AE13A02FE2B9 /* TerminalHomeUITests.swift */,
				B04A72C0E65996D39B749EC4 /* TerminalReconnectUITests.swift */,
			);
			path = cmuxUITests;
			sourceTree = "<group>";
		};
		43B9A5EA20D723BC346FE338 /* darwin-amd64 */ = {
			isa = PBXGroup;
			children = (
				50F830DDD1823CAE0E4D0CD2 /* cmuxd-remote */,
			);
			path = "darwin-amd64";
			sourceTree = "<group>";
		};
		44D0E5411DE06869F635612A /* Packages */ = {
			isa = PBXGroup;
			children = (
				0F241FC72015E72146A38C3C /* CMUXAuthCore */,
				815D6021ACFFAF2851F86D23 /* stack-auth-swift-sdk-prerelease */,
			);
			name = Packages;
			sourceTree = "<group>";
		};
		4C3A73493721EACC742CE8ED /* Auth */ = {
			isa = PBXGroup;
			children = (
				263881D640CF9D1EEC1D093E /* AuthError.swift */,
				79D367AC3D322118AE559DBF /* AuthManager.swift */,
				194FA6A3C28159BD0744F6F5 /* AuthPresentationContextProvider.swift */,
				88ED9D7168B6FC097B490637 /* SignInView.swift */,
				A55B47F6C8EE5C8DE853A4EB /* StackAuthApp.swift */,
				BF2848CBEF6B2A130DF4C9D2 /* StackAuthProvider.swift */,
				E6EA26D914C01843EF8738A6 /* StackAuthUser.swift */,
			);
			path = Auth;
			sourceTree = "<group>";
		};
		4CDF062C8C5E0A351C836B92 /* Terminal */ = {
			isa = PBXGroup;
			children = (
				074C11F04DFA0038FE350494 /* Ghostty-Bridging-Header.h */,
				94978287D80E12EC6746F582 /* GhosttyRuntime.swift */,
				E328A139A850C17BC15CF66D /* GhosttySurfaceView.swift */,
				13026270BE423ED61F7CFF2A /* TerminalDaemonTicketService.swift */,
				3F0D6D7E549075AEEF31EB2C /* TerminalDirectDaemonClient.swift */,
				B32C00E055BF7D0F1294BC39 /* TerminalDirectDaemonTransport.swift */,
				44C786211D181C6EAC4FBAAB /* TerminalModels.swift */,
				E0936F75F53B4C96DFB5195B /* TerminalRemoteDaemonBootstrap.swift */,
				DF69F5CA6E10CD6AB4B14E32 /* TerminalRemoteDaemonBootstrapSession.swift */,
				09845253A2CD1B748C97D0AA /* TerminalRemoteDaemonBootstrapTransport.swift */,
				ED8D289561E0CD0751738BF9 /* TerminalRemoteDaemonClient.swift */,
				F75715CFD1F6CCF89AA43D4F /* TerminalRemoteDaemonSessionTransport.swift */,
				53284AC109063E406D6F0304 /* TerminalServerCatalog.swift */,
				C23026BB86D65831DC46C0F9 /* TerminalServerDiscovery.swift */,
				A0F109D38A196A6E1D2EC346 /* TerminalSidebarRootView.swift */,
				637C2D9FDB05591FA3059FC3 /* TerminalSidebarStore.swift */,
				671A9DCE5A79588B473BB6CD /* TerminalSSHPrivateKeyParser.swift */,
				F5D8C6F76B0CD1088E29D61F /* TerminalSSHTransport.swift */,
				AACCDC348F58B9D5A5304884 /* TerminalWorkspaceIdentityService.swift */,
				9F488AD91D3EBE1FE97962C7 /* TerminalWorkspaceMetadataService.swift */,
			);
			path = Terminal;
			sourceTree = "<group>";
		};
		601CC1311CE726A1EC6F0BAB /* Generated */ = {
			isa = PBXGroup;
			children = (
				2F94540C907EB9AC1DCCD6DD /* ConvexApiTypes.swift */,
			);
			path = Generated;
			sourceTree = "<group>";
		};
		714D475ACE12AB357C2C1A68 /* cmuxd-remote */ = {
			isa = PBXGroup;
			children = (
				A80A9CAF05A92D391A0180B1 /* dev */,
			);
			path = "cmuxd-remote";
			sourceTree = "<group>";
		};
		793DE283FCA3F797045D4B06 /* darwin-arm64 */ = {
			isa = PBXGroup;
			children = (
				3A9ADF5829DEF82D33C5EB45 /* cmuxd-remote */,
			);
			path = "darwin-arm64";
			sourceTree = "<group>";
		};
		83C0A40B17FEEB2EA02D156B = {
			isa = PBXGroup;
			children = (
				B005E08ACAAF83F6A13F9D8C /* Assets.xcassets */,
				2CD5B23C9608DC476B35534A /* cmuxTests */,
				3EC041CE7CBA01395A239037 /* cmuxUITests */,
				44D0E5411DE06869F635612A /* Packages */,
				DDEDE4855B855104A6EC0141 /* Resources */,
				1E475E953D388611EBA89522 /* Shared */,
				F80B6A470B95146C17D0BE5A /* Sources */,
				0F1AEEAEEF55364C5E4029D3 /* Products */,
			);
			sourceTree = "<group>";
		};
		A13C99D002491553C349AD58 /* Config */ = {
			isa = PBXGroup;
			children = (
				D8732D7AB61D4190BACAAB03 /* Environment.swift */,
				D01F9176DE666BAE97AA807B /* LocalConfig.example.plist */,
				4EFD4970FE1D3699CBDB7029 /* UITestConfig.swift */,
			);
			path = Config;
			sourceTree = "<group>";
		};
		A80A9CAF05A92D391A0180B1 /* dev */ = {
			isa = PBXGroup;
			children = (
				43B9A5EA20D723BC346FE338 /* darwin-amd64 */,
				793DE283FCA3F797045D4B06 /* darwin-arm64 */,
				F02D48B03F62014B296411D0 /* linux-amd64 */,
				AA6C00AC0B4ED531D90A890D /* linux-arm64 */,
			);
			path = dev;
			sourceTree = "<group>";
		};
		AA6C00AC0B4ED531D90A890D /* linux-arm64 */ = {
			isa = PBXGroup;
			children = (
				11FDA33BEEC1CF80A72481D0 /* cmuxd-remote */,
			);
			path = "linux-arm64";
			sourceTree = "<group>";
		};
		ABA710BCFF8BE52B6A1575C3 /* Notifications */ = {
			isa = PBXGroup;
			children = (
				A86C27D01D6AF427F7C40487 /* NotificationManager.swift */,
				94431CD1B2F69881E045321C /* NotificationTokenStore.swift */,
			);
			path = Notifications;
			sourceTree = "<group>";
		};
		BBE2BE334F53D4E47636EF15 /* Debug */ = {
			isa = PBXGroup;
			children = (
				8E3A23AD3BA4B17B7605CCBC /* ChatApproachI_Fix1Default.swift */,
				9788FAF68766BFAA9A451A8D /* ChatApproachI.swift */,
				80C3A9D5662A04DE39FD3844 /* ChatDebugMenu.swift */,
				38A50394379F40101C8A95FC /* ChatFix1_ContentInsetNever.swift */,
				F1AB960D917D344F2BB227AC /* ChatFix2_InputBarHeightOnly.swift */,
				8B4E7CFD0EE433DFB9F348A0 /* ChatFix3_AdjustedContentInset.swift */,
				2371E50D0E3E362104DE9177 /* ChatFix4_ScrollViewDelegate.swift */,
				1C74190A1F266AB5E2C38455 /* ChatFix5_ReducePadding.swift */,
				298CBAF0C277F506858D625E /* CodexOAuthView.swift */,
				E6A61F42F94D17993038F637 /* ConvexTestView.swift */,
				DEF1E409D552C017B2175D56 /* CrashReporter.swift */,
				B87CA70AD58D024077E85845 /* DebugInputBar.swift */,
				4873F8C34F5557AD1E6F6CF3 /* DebugLogStore.swift */,
				68E69A89B3FB515C851F131B /* DebugLogsView.swift */,
				EA3E777383A04F6153583A5E /* InputStrategyLabView.swift */,
				B26AF47B779BEDAA689F7CAA /* MarkdownDebugView.swift */,
				B79B9D0409D6912DC37DC5B0 /* UITestMockData.swift */,
			);
			path = Debug;
			sourceTree = "<group>";
		};
		C87B2E36E5CBDE9207470555 /* ViewModels */ = {
			isa = PBXGroup;
			children = (
				9E4AC3E9289C53B42C020633 /* ChatViewModel.swift */,
				A5B2D4A0933DB97461CCAB77 /* ConversationsViewModel.swift */,
			);
			path = ViewModels;
			sourceTree = "<group>";
		};
		DDEDE4855B855104A6EC0141 /* Resources */ = {
			isa = PBXGroup;
			children = (
				FF8733643DEE67DE349BDA51 /* Localizable.xcstrings */,
				714D475ACE12AB357C2C1A68 /* cmuxd-remote */,
			);
			path = Resources;
			sourceTree = "<group>";
		};
		F02D48B03F62014B296411D0 /* linux-amd64 */ = {
			isa = PBXGroup;
			children = (
				CB4B72E3C6B3BD557316FA09 /* cmuxd-remote */,
			);
			path = "linux-amd64";
			sourceTree = "<group>";
		};
		F58C4F0A497799570589D124 /* Convex */ = {
			isa = PBXGroup;
			children = (
				5D62642C09CEB3EB28FD2733 /* ConversationReadOverrides.swift */,
				6679E0C9833E77D4A4295D4C /* ConvexClient.swift */,
				D59F90F1B493E1462D1AD361 /* ConvexGeneratedTypes.swift */,
			);
			path = Convex;
			sourceTree = "<group>";
		};
		F80B6A470B95146C17D0BE5A /* Sources */ = {
			isa = PBXGroup;
			children = (
				72B41842AC501554C1AED8DF /* AssistantMarkdownView.swift */,
				4296ACD1C15CC2E35AE162CC /* ChatFix1MainView.swift */,
				AEA367B39118F09C4A8989FF /* ChatKeyboardContainer.swift */,
				0BE5CB8A89417C399DB8D166 /* ChatView.swift */,
				72E20F7A729081D044495605 /* CMuxApp.swift */,
				1B8CDE2F6CDCAB37E3107C76 /* ContentView.swift */,
				BCD6DF60D6756BE09A1CFEE9 /* ConversationListView.swift */,
				CAECD9944A3CB4779597B8A3 /* DebugSettings.swift */,
				D9BA577D046F9E3C331F4986 /* Models.swift */,
				F777FEA9A0D8BB7601CE1AED /* ToolCallModels.swift */,
				4C3A73493721EACC742CE8ED /* Auth */,
				A13C99D002491553C349AD58 /* Config */,
				F58C4F0A497799570589D124 /* Convex */,
				BBE2BE334F53D4E47636EF15 /* Debug */,
				601CC1311CE726A1EC6F0BAB /* Generated */,
				ABA710BCFF8BE52B6A1575C3 /* Notifications */,
				4CDF062C8C5E0A351C836B92 /* Terminal */,
				C87B2E36E5CBDE9207470555 /* ViewModels */,
			);
			path = Sources;
			sourceTree = "<group>";
		};
/* End PBXGroup section */

/* Begin PBXNativeTarget section */
		0FE496511A0BF7536BD31352 /* cmuxTests */ = {
			isa = PBXNativeTarget;
			buildConfigurationList = DF156F815023F84E8A3322F2 /* Build configuration list for PBXNativeTarget "cmuxTests" */;
			buildPhases = (
				DE07B2D30E06494A6AE38629 /* Sources */,
				915911C7213DBC1BCFA1197B /* Frameworks */,
			);
			buildRules = (
			);
			dependencies = (
				DC81B8079CA2290BE3D26F8C /* PBXTargetDependency */,
			);
			name = cmuxTests;
			packageProductDependencies = (
				72DA3FA7AF11F833C684B151 /* CMUXAuthCore */,
			);
			productName = cmuxTests;
			productReference = BAD03EB210A4715A9AAA35B3 /* cmuxTests.xctest */;
			productType = "com.apple.product-type.bundle.unit-test";
		};
		D6E5ED0C8EADF9B00BC1627F /* cmux */ = {
			isa = PBXNativeTarget;
			buildConfigurationList = B8D38E764907D8415FC65997 /* Build configuration list for PBXNativeTarget "cmux" */;
			buildPhases = (
				35CFA4F0D45E49F370ECBCDF /* Sources */,
				59260B41E0AD3DA23B6DF09F /* Resources */,
				619D11C7B9AB804217EA26D4 /* Frameworks */,
			);
			buildRules = (
			);
			dependencies = (
			);
			name = cmux;
			packageProductDependencies = (
				81DC3D6788E64B002C6B080E /* CMUXAuthCore */,
				4C0C333BDE07456C757877E2 /* ConvexMobile */,
				70B7D8E8C4D0F73976222600 /* StackAuth */,
				2AB0CD82D816F53E55B1E103 /* Sentry */,
				5A0190878FCF3FB8AC238548 /* NIOCore */,
				F8A885851E1A86504D3A59DE /* NIOSSH */,
				CA746152467B13A53B76C9C1 /* NIOTransportServices */,
			);
			productName = cmux;
			productReference = 46410B90D2F45E6882E585AD /* cmux.app */;
			productType = "com.apple.product-type.application";
		};
		E59D9C58D7245568106A1197 /* cmuxUITests */ = {
			isa = PBXNativeTarget;
			buildConfigurationList = 5D5BA1E628F7B00E5FE18887 /* Build configuration list for PBXNativeTarget "cmuxUITests" */;
			buildPhases = (
				8CE346D1E01CF18FB8F7F811 /* Sources */,
			);
			buildRules = (
			);
			dependencies = (
				FC82B0E8F8C678BDC002C842 /* PBXTargetDependency */,
			);
			name = cmuxUITests;
			packageProductDependencies = (
			);
			productName = cmuxUITests;
			productReference = EF7C1F4696125951D2F69BC0 /* cmuxUITests.xctest */;
			productType = "com.apple.product-type.bundle.ui-testing";
		};
/* End PBXNativeTarget section */

/* Begin PBXProject section */
		0BC297CC62DC5C500BBEB719 /* Project object */ = {
			isa = PBXProject;
			attributes = {
				BuildIndependentTargetsInParallel = YES;
				LastUpgradeCheck = 1600;
				TargetAttributes = {
					0FE496511A0BF7536BD31352 = {
						DevelopmentTeam = 7WLXT3NR37;
					};
					D6E5ED0C8EADF9B00BC1627F = {
						DevelopmentTeam = 7WLXT3NR37;
					};
					E59D9C58D7245568106A1197 = {
						DevelopmentTeam = 7WLXT3NR37;
						TestTargetID = D6E5ED0C8EADF9B00BC1627F;
					};
				};
			};
			buildConfigurationList = 0F77D843AF9DF75B9AC7D9B7 /* Build configuration list for PBXProject "cmux" */;
			developmentRegion = en;
			hasScannedForEncodings = 0;
			knownRegions = (
				Base,
				en,
				ja,
			);
			mainGroup = 83C0A40B17FEEB2EA02D156B;
			minimizedProjectReferenceProxies = 1;
			packageReferences = (
				7C6D10429B3DC21D021B1E06 /* XCRemoteSwiftPackageReference "convex-swift" */,
				6483AD9AFDD51874D0F6EECF /* XCRemoteSwiftPackageReference "sentry-cocoa" */,
				382FDE313700D2C29F0D83F9 /* XCRemoteSwiftPackageReference "swift-nio" */,
				1AD0AFC578FF61E59214611B /* XCRemoteSwiftPackageReference "swift-nio-ssh" */,
				F326B64CF9F9DFC421CB8192 /* XCRemoteSwiftPackageReference "swift-nio-transport-services" */,
				5A99F62E42DA31693B27DC74 /* XCLocalSwiftPackageReference "../Packages/CMUXAuthCore" */,
				1315781DE5C6031B8DBA1EAE /* XCLocalSwiftPackageReference "vendor/stack-auth-swift-sdk-prerelease" */,
			);
			preferredProjectObjectVersion = 77;
			productRefGroup = 0F1AEEAEEF55364C5E4029D3 /* Products */;
			projectDirPath = "";
			projectRoot = "";
			targets = (
				D6E5ED0C8EADF9B00BC1627F /* cmux */,
				0FE496511A0BF7536BD31352 /* cmuxTests */,
				E59D9C58D7245568106A1197 /* cmuxUITests */,
			);
		};
/* End PBXProject section */

/* Begin PBXResourcesBuildPhase section */
		59260B41E0AD3DA23B6DF09F /* Resources */ = {
			isa = PBXResourcesBuildPhase;
			buildActionMask = 2147483647;
			files = (
				7E0146088B71697EB516611F /* Assets.xcassets in Resources */,
				88192500271447E51CF6B653 /* LocalConfig.example.plist in Resources */,
				36C1EC806C4BE2DFF9644812 /* Localizable.xcstrings in Resources */,
			);
			runOnlyForDeploymentPostprocessing = 0;
		};
/* End PBXResourcesBuildPhase section */

/* Begin PBXSourcesBuildPhase section */
		35CFA4F0D45E49F370ECBCDF /* Sources */ = {
			isa = PBXSourcesBuildPhase;
			buildActionMask = 2147483647;
			files = (
				846AE6439CD0C2B3C6D6F0B7 /* AssistantMarkdownView.swift in Sources */,
				40FDF9AA8CA2215311B9E5D2 /* AuthError.swift in Sources */,
				D71540B39A0E33807FB77410 /* AuthManager.swift in Sources */,
				6DAA11BC61CC059E80AE3598 /* AuthPresentationContextProvider.swift in Sources */,
				83357B66D3EF312F35A86BB1 /* CMuxApp.swift in Sources */,
				8030869706BE8FD94533D58A /* ChatApproachI.swift in Sources */,
				2283F03332355B2A6F811710 /* ChatApproachI_Fix1Default.swift in Sources */,
				DCEF7D27D2624C7E3F7B4E14 /* ChatDebugMenu.swift in Sources */,
				8C11E78F09BA811A5EBC33CC /* ChatFix1MainView.swift in Sources */,
				F51147F292563E8B2503D43E /* ChatFix1_ContentInsetNever.swift in Sources */,
				D593A476423097F95F227570 /* ChatFix2_InputBarHeightOnly.swift in Sources */,
				8FB1CB1D89D93D703FFE61BA /* ChatFix3_AdjustedContentInset.swift in Sources */,
				5479917679421FDD8C3C2995 /* ChatFix4_ScrollViewDelegate.swift in Sources */,
				6A5960808C1C40C3C1DEEA2E /* ChatFix5_ReducePadding.swift in Sources */,
				F6098AD7DB98B95086FD932A /* ChatKeyboardContainer.swift in Sources */,
				0BEB4F58E65C35CE4E4EE942 /* ChatView.swift in Sources */,
				7B08C95E79299E6478B7EA27 /* ChatViewModel.swift in Sources */,
				7BCA02347A773584F73D8374 /* CodexOAuthView.swift in Sources */,
				6ED3832765AAB169F7254054 /* ContentView.swift in Sources */,
				E9D2BFC8E39842DB720CAD9D /* ConversationListView.swift in Sources */,
				E573D865E627EE8A10F0599A /* ConversationReadOverrides.swift in Sources */,
				9A0A85BFEEC1B1AE2E063847 /* ConversationsViewModel.swift in Sources */,
				FA5C9FC319F208F785750A51 /* ConvexApiTypes.swift in Sources */,
				F024C0FD39B57208895F9153 /* ConvexClient.swift in Sources */,
				8424B24C0FAE9429670DADCD /* ConvexGeneratedTypes.swift in Sources */,
				24D8752AB97DB126660D8F81 /* ConvexTestView.swift in Sources */,
				FC7437EF35914FCEEF7909AF /* CrashReporter.swift in Sources */,
				20A59B687D0399C43C985B31 /* DebugInputBar.swift in Sources */,
				E8B13DCB9119C652559B6070 /* DebugLogStore.swift in Sources */,
				A2B59D2AD87AE0BA84CFFC76 /* DebugLogsView.swift in Sources */,
				8DF015A1566E9F288F30C460 /* DebugSettings.swift in Sources */,
				EC388CAF55CB58BE5B5D2654 /* Environment.swift in Sources */,
				4096420F4E5B6EC7D57F4201 /* GhosttyRuntime.swift in Sources */,
				1213CAB1F473B2E96C721DD2 /* GhosttySurfaceView.swift in Sources */,
				B6A62131AD984521B5A6B183 /* InputStrategyLabView.swift in Sources */,
				65E76B2DE8870BF62C89A260 /* MarkdownDebugView.swift in Sources */,
				361B05C412BFA1E44BDCAD39 /* Models.swift in Sources */,
				93FED7D20FA11DDB6B9201CA /* NotificationManager.swift in Sources */,
				C3A0857225193CFE6C5647A3 /* NotificationTokenStore.swift in Sources */,
				C9E3B69A93DD87E682311505 /* SignInView.swift in Sources */,
				8D3227A416DC344EFBA9B571 /* StackAuthApp.swift in Sources */,
				3A6FD7E27F3723EF627744A9 /* StackAuthProvider.swift in Sources */,
				5FE9793039F5691D04C24116 /* StackAuthUser.swift in Sources */,
				69995971655E7D3B5A3D329D /* TerminalBackendContracts.swift in Sources */,
				4A4D281FC297CF88E42279DB /* TerminalDaemonTicketService.swift in Sources */,
				8625E551A6B6F6F5909F7FD2 /* TerminalDirectDaemonClient.swift in Sources */,
				2DB9C156570A2D238973F0A7 /* TerminalDirectDaemonTransport.swift in Sources */,
				CA480C6041256D98676F5C8D /* TerminalModels.swift in Sources */,
				31923ED8E47C92DBCB804037 /* TerminalRemoteDaemonBootstrap.swift in Sources */,
				552BD8E20BD5EF0D6978E7D3 /* TerminalRemoteDaemonBootstrapSession.swift in Sources */,
				506B3981B0CDF6B2E5759793 /* TerminalRemoteDaemonBootstrapTransport.swift in Sources */,
				5B58797913652584F21E1C21 /* TerminalRemoteDaemonClient.swift in Sources */,
				7A7007C7A17622511B851653 /* TerminalRemoteDaemonSessionTransport.swift in Sources */,
				F716BD344C0F0A5FB54B579B /* TerminalSSHPrivateKeyParser.swift in Sources */,
				F2D5F9A2DD344F4960B3C539 /* TerminalSSHTransport.swift in Sources */,
				FB3565D07FB550B57259856D /* TerminalServerCatalog.swift in Sources */,
				E7EEA30775541759E8B3D153 /* TerminalServerDiscovery.swift in Sources */,
				F71E8618CF810AB6E4D574F7 /* TerminalSidebarRootView.swift in Sources */,
				68B4B225545A7A89E03C5CE8 /* TerminalSidebarStore.swift in Sources */,
				9EB96B73ED90EFCD0F84F65F /* TerminalWorkspaceIdentityService.swift in Sources */,
				AAB8DE3ACC210EBA742B146A /* TerminalWorkspaceMetadataService.swift in Sources */,
				3A4695603F64ECCDFE601043 /* ToolCallModels.swift in Sources */,
				C335C06261DCD7CA24B1D003 /* UITestConfig.swift in Sources */,
				546B55F43E170A912E2EC394 /* UITestMockData.swift in Sources */,
			);
			runOnlyForDeploymentPostprocessing = 0;
		};
		8CE346D1E01CF18FB8F7F811 /* Sources */ = {
			isa = PBXSourcesBuildPhase;
			buildActionMask = 2147483647;
			files = (
				E53E64DA59BFCB7E396E0865 /* AuthPersistenceUITests.swift in Sources */,
				5ADD69A102CC3AE5FF533DCC /* ChatFix1MainMockUITests.swift in Sources */,
				CC62BB48ED0957484E001EFB /* ConversationE2ETests.swift in Sources */,
				D8A1B4B558D251DE7BF82D4A /* InputPillVisibilityAssertions.swift in Sources */,
				B2DC2BC8C0D8DFC2241C18A5 /* InputStrategyLabUITests.swift in Sources */,
				1AB68DA70F76F585B6332F68 /* KeyboardSyncUITests.swift in Sources */,
				EA2D0A26446CB2B9E8AF3E56 /* MessagePositionUITests.swift in Sources */,
				2EAEA1238FB4E804F35A28F6 /* MultilineInputUITests.swift in Sources */,
				35DD00750B94902B2CF0CDF6 /* ShortThreadLayoutUITests.swift in Sources */,
				6D697DF3D11308026F0F628D /* TerminalHomeUITests.swift in Sources */,
				CEADBC899865019DA2333129 /* TerminalReconnectUITests.swift in Sources */,
			);
			runOnlyForDeploymentPostprocessing = 0;
		};
		DE07B2D30E06494A6AE38629 /* Sources */ = {
			isa = PBXSourcesBuildPhase;
			buildActionMask = 2147483647;
			files = (
				B33E95CE38F4CD0028692606 /* AssistantMarkdownParserTests.swift in Sources */,
				AFF36DFB0FF0DD03BE8B5FBA /* AssistantMessageItemBuilderTests.swift in Sources */,
				838258BE09E72C42988458A3 /* GhosttySurfaceContractTests.swift in Sources */,
				A48BAECA5F3A97AD824F37DB /* MarkdownLinkSafetyPolicyTests.swift in Sources */,
				C4E8809F37CA5B7300279529 /* SignInViewTests.swift in Sources */,
				F3849C68122B1FDC0AF85654 /* StackAuthSessionTests.swift in Sources */,
				7113C9A8A0721FEEF9858291 /* TerminalDaemonTicketServiceTests.swift in Sources */,
				DD0311DAE14E36ADFFD82BA7 /* TerminalDirectDaemonClientTests.swift in Sources */,
				687D33C05FF829D5B9643193 /* TerminalDirectDaemonTransportTests.swift in Sources */,
				025F993FBA0EEFDED92B8334 /* TerminalHostedViewContainerTests.swift in Sources */,
				55D60041574DA2B8C72B2070 /* TerminalInputTextViewTests.swift in Sources */,
				60A9701B4F40DE9C6371D255 /* TerminalRemoteDaemonBootstrapSessionTests.swift in Sources */,
				16C02A0973FA8B3803D42649 /* TerminalRemoteDaemonBootstrapTests.swift in Sources */,
				62B9ED1C5595D566F2303691 /* TerminalRemoteDaemonBootstrapTransportTests.swift in Sources */,
				67FDF64AED03B9C8A6E64C97 /* TerminalRemoteDaemonClientTests.swift in Sources */,
				0394710E6345FB8CA6E6D3E2 /* TerminalRemoteDaemonSessionTransportTests.swift in Sources */,
				29606302C1FFC54BAC331C75 /* TerminalSSHPrivateKeyParserTests.swift in Sources */,
				FE419265CCE6845AF5CCBE71 /* TerminalServerCatalogTests.swift in Sources */,
				0E13E7170B1309E70A837976 /* TerminalServerDiscoveryTests.swift in Sources */,
				87604A0FF2E199441D677A91 /* TerminalSessionControllerTests.swift in Sources */,
				7CEB70A3CBC95288F0E89525 /* TerminalSidebarStoreTests.swift in Sources */,
				B0D54FA54A22B339C183AFE8 /* TerminalTextInputPipelineTests.swift in Sources */,
				3DE7F3A79D502AEDDC40CB8C /* ToolCallFormattingTests.swift in Sources */,
			);
			runOnlyForDeploymentPostprocessing = 0;
		};
/* End PBXSourcesBuildPhase section */

/* Begin PBXTargetDependency section */
		DC81B8079CA2290BE3D26F8C /* PBXTargetDependency */ = {
			isa = PBXTargetDependency;
			target = D6E5ED0C8EADF9B00BC1627F /* cmux */;
			targetProxy = F95401833265F5A77B9E656A /* PBXContainerItemProxy */;
		};
		FC82B0E8F8C678BDC002C842 /* PBXTargetDependency */ = {
			isa = PBXTargetDependency;
			target = D6E5ED0C8EADF9B00BC1627F /* cmux */;
			targetProxy = 5309AA5CCAC5CAADF68B53C4 /* PBXContainerItemProxy */;
		};
/* End PBXTargetDependency section */

/* Begin XCBuildConfiguration section */
		066BAB781528BE0F431B5A66 /* Debug */ = {
			isa = XCBuildConfiguration;
			buildSettings = {
				BUNDLE_LOADER = "$(TEST_HOST)";
				DEVELOPMENT_TEAM = 7WLXT3NR37;
				GENERATE_INFOPLIST_FILE = YES;
				HEADER_SEARCH_PATHS = (
					"$(inherited)",
					"$(SRCROOT)/../GhosttyKit.xcframework/ios-arm64-simulator/Headers",
				);
				LD_RUNPATH_SEARCH_PATHS = (
					"$(inherited)",
					"@executable_path/Frameworks",
					"@loader_path/Frameworks",
				);
				PRODUCT_BUNDLE_IDENTIFIER = dev.cmux.app.dev.uitests;
				SDKROOT = iphoneos;
				TARGETED_DEVICE_FAMILY = "1,2";
				TEST_TARGET_NAME = cmux;
			};
			name = Debug;
		};
		0CBBA52AF1889C321EC7598A /* Debug */ = {
			isa = XCBuildConfiguration;
			buildSettings = {
				BUNDLE_LOADER = "$(TEST_HOST)";
				DEVELOPMENT_TEAM = 7WLXT3NR37;
				GENERATE_INFOPLIST_FILE = YES;
				HEADER_SEARCH_PATHS = (
					"$(inherited)",
					"$(SRCROOT)/../GhosttyKit.xcframework/ios-arm64-simulator/Headers",
				);
				LD_RUNPATH_SEARCH_PATHS = (
					"$(inherited)",
					"@executable_path/Frameworks",
					"@loader_path/Frameworks",
				);
				PRODUCT_BUNDLE_IDENTIFIER = dev.cmux.cmuxTests;
				SDKROOT = iphoneos;
				TARGETED_DEVICE_FAMILY = "1,2";
				TEST_HOST = "$(BUILT_PRODUCTS_DIR)/cmux DEV.app/cmux DEV";
			};
			name = Debug;
		};
		1553B07068B96981191CC8DF /* Debug */ = {
			isa = XCBuildConfiguration;
			buildSettings = {
				ALWAYS_SEARCH_USER_PATHS = NO;
				CLANG_ANALYZER_NONNULL = YES;
				CLANG_ANALYZER_NUMBER_OBJECT_CONVERSION = YES_AGGRESSIVE;
				CLANG_CXX_LANGUAGE_STANDARD = "gnu++14";
				CLANG_CXX_LIBRARY = "libc++";
				CLANG_ENABLE_MODULES = YES;
				CLANG_ENABLE_OBJC_ARC = YES;
				CLANG_ENABLE_OBJC_WEAK = YES;
				CLANG_WARN_BLOCK_CAPTURE_AUTORELEASING = YES;
				CLANG_WARN_BOOL_CONVERSION = YES;
				CLANG_WARN_COMMA = YES;
				CLANG_WARN_CONSTANT_CONVERSION = YES;
				CLANG_WARN_DEPRECATED_OBJC_IMPLEMENTATIONS = YES;
				CLANG_WARN_DIRECT_OBJC_ISA_USAGE = YES_ERROR;
				CLANG_WARN_DOCUMENTATION_COMMENTS = YES;
				CLANG_WARN_EMPTY_BODY = YES;
				CLANG_WARN_ENUM_CONVERSION = YES;
				CLANG_WARN_INFINITE_RECURSION = YES;
				CLANG_WARN_INT_CONVERSION = YES;
				CLANG_WARN_NON_LITERAL_NULL_CONVERSION = YES;
				CLANG_WARN_OBJC_IMPLICIT_RETAIN_SELF = YES;
				CLANG_WARN_OBJC_LITERAL_CONVERSION = YES;
				CLANG_WARN_OBJC_ROOT_CLASS = YES_ERROR;
				CLANG_WARN_QUOTED_INCLUDE_IN_FRAMEWORK_HEADER = YES;
				CLANG_WARN_RANGE_LOOP_ANALYSIS = YES;
				CLANG_WARN_STRICT_PROTOTYPES = YES;
				CLANG_WARN_SUSPICIOUS_MOVE = YES;
				CLANG_WARN_UNGUARDED_AVAILABILITY = YES_AGGRESSIVE;
				CLANG_WARN_UNREACHABLE_CODE = YES;
				CLANG_WARN__DUPLICATE_METHOD_MATCH = YES;
				COPY_PHASE_STRIP = NO;
				DEBUG_INFORMATION_FORMAT = dwarf;
				ENABLE_STRICT_OBJC_MSGSEND = YES;
				ENABLE_TESTABILITY = YES;
				GCC_C_LANGUAGE_STANDARD = gnu11;
				GCC_DYNAMIC_NO_PIC = NO;
				GCC_NO_COMMON_BLOCKS = YES;
				GCC_OPTIMIZATION_LEVEL = 0;
				GCC_PREPROCESSOR_DEFINITIONS = (
					"$(inherited)",
					"DEBUG=1",
				);
				GCC_WARN_64_TO_32_BIT_CONVERSION = YES;
				GCC_WARN_ABOUT_RETURN_TYPE = YES_ERROR;
				GCC_WARN_UNDECLARED_SELECTOR = YES;
				GCC_WARN_UNINITIALIZED_AUTOS = YES_AGGRESSIVE;
				GCC_WARN_UNUSED_FUNCTION = YES;
				GCC_WARN_UNUSED_VARIABLE = YES;
				IPHONEOS_DEPLOYMENT_TARGET = 26.0;
				MTL_ENABLE_DEBUG_INFO = INCLUDE_SOURCE;
				MTL_FAST_MATH = YES;
				ONLY_ACTIVE_ARCH = YES;
				PRODUCT_NAME = "$(TARGET_NAME)";
				SDKROOT = iphoneos;
				SWIFT_ACTIVE_COMPILATION_CONDITIONS = DEBUG;
				SWIFT_OPTIMIZATION_LEVEL = "-Onone";
				SWIFT_VERSION = 5.0;
			};
			name = Debug;
		};
		193F40ACF34DCB0905D44DCF /* Beta */ = {
			isa = XCBuildConfiguration;
			buildSettings = {
				ASSETCATALOG_COMPILER_APPICON_NAME = "AppIcon-Beta";
				CODE_SIGN_ENTITLEMENTS = cmux.prod.entitlements;
				CODE_SIGN_IDENTITY = "iPhone Developer";
				CODE_SIGN_STYLE = Automatic;
				CURRENT_PROJECT_VERSION = 8;
				DEVELOPMENT_TEAM = 7WLXT3NR37;
				GENERATE_INFOPLIST_FILE = YES;
				"HEADER_SEARCH_PATHS[sdk=iphoneos*]" = (
					"$(inherited)",
					"$(SRCROOT)/../GhosttyKit.xcframework/ios-arm64/Headers",
				);
				"HEADER_SEARCH_PATHS[sdk=iphonesimulator*]" = (
					"$(inherited)",
					"$(SRCROOT)/../GhosttyKit.xcframework/ios-arm64-simulator/Headers",
				);
				INFOPLIST_FILE = Info.plist;
				LD_RUNPATH_SEARCH_PATHS = (
					"$(inherited)",
					"@executable_path/Frameworks",
				);
				MARKETING_VERSION = 1.0;
				"OTHER_LDFLAGS[sdk=iphoneos*]" = (
					"$(inherited)",
					"$(SRCROOT)/../GhosttyKit.xcframework/ios-arm64/libghostty-fat.a",
				);
				"OTHER_LDFLAGS[sdk=iphonesimulator*]" = (
					"$(inherited)",
					"$(SRCROOT)/../GhosttyKit.xcframework/ios-arm64-simulator/libghostty-fat.a",
				);
				PRODUCT_BUNDLE_IDENTIFIER = dev.cmux.app.beta;
				PRODUCT_NAME = "cmux Beta";
				SDKROOT = iphoneos;
				SWIFT_ACTIVE_COMPILATION_CONDITIONS = BETA;
				SWIFT_EMIT_LOC_STRINGS = YES;
				SWIFT_OBJC_BRIDGING_HEADER = "Sources/Terminal/Ghostty-Bridging-Header.h";
				TARGETED_DEVICE_FAMILY = "1,2";
			};
			name = Beta;
		};
		48B920C9E9FEEF8202E90958 /* Release */ = {
			isa = XCBuildConfiguration;
			buildSettings = {
				BUNDLE_LOADER = "$(TEST_HOST)";
				DEVELOPMENT_TEAM = 7WLXT3NR37;
				GENERATE_INFOPLIST_FILE = YES;
				HEADER_SEARCH_PATHS = (
					"$(inherited)",
					"$(SRCROOT)/../GhosttyKit.xcframework/ios-arm64-simulator/Headers",
				);
				LD_RUNPATH_SEARCH_PATHS = (
					"$(inherited)",
					"@executable_path/Frameworks",
					"@loader_path/Frameworks",
				);
				PRODUCT_BUNDLE_IDENTIFIER = dev.cmux.cmuxTests;
				SDKROOT = iphoneos;
				TARGETED_DEVICE_FAMILY = "1,2";
				TEST_HOST = "$(BUILT_PRODUCTS_DIR)/cmux DEV.app/cmux DEV";
			};
			name = Release;
		};
		6E9CF3EFB0808AD4B2DD0469 /* Release */ = {
			isa = XCBuildConfiguration;
			buildSettings = {
				ALWAYS_SEARCH_USER_PATHS = NO;
				CLANG_ANALYZER_NONNULL = YES;
				CLANG_ANALYZER_NUMBER_OBJECT_CONVERSION = YES_AGGRESSIVE;
				CLANG_CXX_LANGUAGE_STANDARD = "gnu++14";
				CLANG_CXX_LIBRARY = "libc++";
				CLANG_ENABLE_MODULES = YES;
				CLANG_ENABLE_OBJC_ARC = YES;
				CLANG_ENABLE_OBJC_WEAK = YES;
				CLANG_WARN_BLOCK_CAPTURE_AUTORELEASING = YES;
				CLANG_WARN_BOOL_CONVERSION = YES;
				CLANG_WARN_COMMA = YES;
				CLANG_WARN_CONSTANT_CONVERSION = YES;
				CLANG_WARN_DEPRECATED_OBJC_IMPLEMENTATIONS = YES;
				CLANG_WARN_DIRECT_OBJC_ISA_USAGE = YES_ERROR;
				CLANG_WARN_DOCUMENTATION_COMMENTS = YES;
				CLANG_WARN_EMPTY_BODY = YES;
				CLANG_WARN_ENUM_CONVERSION = YES;
				CLANG_WARN_INFINITE_RECURSION = YES;
				CLANG_WARN_INT_CONVERSION = YES;
				CLANG_WARN_NON_LITERAL_NULL_CONVERSION = YES;
				CLANG_WARN_OBJC_IMPLICIT_RETAIN_SELF = YES;
				CLANG_WARN_OBJC_LITERAL_CONVERSION = YES;
				CLANG_WARN_OBJC_ROOT_CLASS = YES_ERROR;
				CLANG_WARN_QUOTED_INCLUDE_IN_FRAMEWORK_HEADER = YES;
				CLANG_WARN_RANGE_LOOP_ANALYSIS = YES;
				CLANG_WARN_STRICT_PROTOTYPES = YES;
				CLANG_WARN_SUSPICIOUS_MOVE = YES;
				CLANG_WARN_UNGUARDED_AVAILABILITY = YES_AGGRESSIVE;
				CLANG_WARN_UNREACHABLE_CODE = YES;
				CLANG_WARN__DUPLICATE_METHOD_MATCH = YES;
				COPY_PHASE_STRIP = NO;
				DEBUG_INFORMATION_FORMAT = "dwarf-with-dsym";
				ENABLE_NS_ASSERTIONS = NO;
				ENABLE_STRICT_OBJC_MSGSEND = YES;
				GCC_C_LANGUAGE_STANDARD = gnu11;
				GCC_NO_COMMON_BLOCKS = YES;
				GCC_WARN_64_TO_32_BIT_CONVERSION = YES;
				GCC_WARN_ABOUT_RETURN_TYPE = YES_ERROR;
				GCC_WARN_UNDECLARED_SELECTOR = YES;
				GCC_WARN_UNINITIALIZED_AUTOS = YES_AGGRESSIVE;
				GCC_WARN_UNUSED_FUNCTION = YES;
				GCC_WARN_UNUSED_VARIABLE = YES;
				IPHONEOS_DEPLOYMENT_TARGET = 26.0;
				MTL_ENABLE_DEBUG_INFO = NO;
				MTL_FAST_MATH = YES;
				PRODUCT_NAME = "$(TARGET_NAME)";
				SDKROOT = iphoneos;
				SWIFT_COMPILATION_MODE = wholemodule;
				SWIFT_OPTIMIZATION_LEVEL = "-O";
				SWIFT_VERSION = 5.0;
			};
			name = Release;
		};
		8622CFFC8424FB4F9C853A0E /* Beta */ = {
			isa = XCBuildConfiguration;
			buildSettings = {
				BUNDLE_LOADER = "$(TEST_HOST)";
				DEVELOPMENT_TEAM = 7WLXT3NR37;
				GENERATE_INFOPLIST_FILE = YES;
				HEADER_SEARCH_PATHS = (
					"$(inherited)",
					"$(SRCROOT)/../GhosttyKit.xcframework/ios-arm64-simulator/Headers",
				);
				LD_RUNPATH_SEARCH_PATHS = (
					"$(inherited)",
					"@executable_path/Frameworks",
					"@loader_path/Frameworks",
				);
				PRODUCT_BUNDLE_IDENTIFIER = dev.cmux.cmuxTests;
				SDKROOT = iphoneos;
				TARGETED_DEVICE_FAMILY = "1,2";
				TEST_HOST = "$(BUILT_PRODUCTS_DIR)/cmux DEV.app/cmux DEV";
			};
			name = Beta;
		};
		9BA58E73AEA870BAB62DC847 /* Debug */ = {
			isa = XCBuildConfiguration;
			buildSettings = {
				ASSETCATALOG_COMPILER_APPICON_NAME = "AppIcon-Dev";
				CODE_SIGN_ENTITLEMENTS = cmux.dev.entitlements;
				CODE_SIGN_IDENTITY = "iPhone Developer";
				CODE_SIGN_STYLE = Automatic;
				CURRENT_PROJECT_VERSION = 8;
				DEVELOPMENT_TEAM = 7WLXT3NR37;
				GENERATE_INFOPLIST_FILE = YES;
				"HEADER_SEARCH_PATHS[sdk=iphoneos*]" = (
					"$(inherited)",
					"$(SRCROOT)/../GhosttyKit.xcframework/ios-arm64/Headers",
				);
				"HEADER_SEARCH_PATHS[sdk=iphonesimulator*]" = (
					"$(inherited)",
					"$(SRCROOT)/../GhosttyKit.xcframework/ios-arm64-simulator/Headers",
				);
				INFOPLIST_FILE = Info.plist;
				LD_RUNPATH_SEARCH_PATHS = (
					"$(inherited)",
					"@executable_path/Frameworks",
				);
				MARKETING_VERSION = 1.0;
				"OTHER_LDFLAGS[sdk=iphoneos*]" = (
					"$(inherited)",
					"$(SRCROOT)/../GhosttyKit.xcframework/ios-arm64/libghostty-fat.a",
				);
				"OTHER_LDFLAGS[sdk=iphonesimulator*]" = (
					"$(inherited)",
					"$(SRCROOT)/../GhosttyKit.xcframework/ios-arm64-simulator/libghostty-fat.a",
				);
				PRODUCT_BUNDLE_IDENTIFIER = dev.cmux.app.dev;
				PRODUCT_NAME = "cmux DEV";
				SDKROOT = iphoneos;
				SWIFT_ACTIVE_COMPILATION_CONDITIONS = DEBUG;
				SWIFT_EMIT_LOC_STRINGS = YES;
				SWIFT_OBJC_BRIDGING_HEADER = "Sources/Terminal/Ghostty-Bridging-Header.h";
				TARGETED_DEVICE_FAMILY = "1,2";
			};
			name = Debug;
		};
		A7C26788CC5F8B4C130CC476 /* Release */ = {
			isa = XCBuildConfiguration;
			buildSettings = {
				ASSETCATALOG_COMPILER_APPICON_NAME = AppIcon;
				CODE_SIGN_ENTITLEMENTS = cmux.prod.entitlements;
				CODE_SIGN_IDENTITY = "iPhone Developer";
				CURRENT_PROJECT_VERSION = 8;
				DEVELOPMENT_TEAM = 7WLXT3NR37;
				GENERATE_INFOPLIST_FILE = YES;
				"HEADER_SEARCH_PATHS[sdk=iphoneos*]" = (
					"$(inherited)",
					"$(SRCROOT)/../GhosttyKit.xcframework/ios-arm64/Headers",
				);
				"HEADER_SEARCH_PATHS[sdk=iphonesimulator*]" = (
					"$(inherited)",
					"$(SRCROOT)/../GhosttyKit.xcframework/ios-arm64-simulator/Headers",
				);
				INFOPLIST_FILE = Info.plist;
				LD_RUNPATH_SEARCH_PATHS = (
					"$(inherited)",
					"@executable_path/Frameworks",
				);
				MARKETING_VERSION = 1.0;
				"OTHER_LDFLAGS[sdk=iphoneos*]" = (
					"$(inherited)",
					"$(SRCROOT)/../GhosttyKit.xcframework/ios-arm64/libghostty-fat.a",
				);
				"OTHER_LDFLAGS[sdk=iphonesimulator*]" = (
					"$(inherited)",
					"$(SRCROOT)/../GhosttyKit.xcframework/ios-arm64-simulator/libghostty-fat.a",
				);
				PRODUCT_BUNDLE_IDENTIFIER = dev.cmux.app;
				PRODUCT_NAME = cmux;
				SDKROOT = iphoneos;
				SWIFT_ACTIVE_COMPILATION_CONDITIONS = RELEASE;
				SWIFT_EMIT_LOC_STRINGS = YES;
				SWIFT_OBJC_BRIDGING_HEADER = "Sources/Terminal/Ghostty-Bridging-Header.h";
				TARGETED_DEVICE_FAMILY = "1,2";
			};
			name = Release;
		};
		B4D1D4CD67E1F8391FA76A24 /* Beta */ = {
			isa = XCBuildConfiguration;
			buildSettings = {
				ALWAYS_SEARCH_USER_PATHS = NO;
				CLANG_ANALYZER_NONNULL = YES;
				CLANG_ANALYZER_NUMBER_OBJECT_CONVERSION = YES_AGGRESSIVE;
				CLANG_CXX_LANGUAGE_STANDARD = "gnu++14";
				CLANG_CXX_LIBRARY = "libc++";
				CLANG_ENABLE_MODULES = YES;
				CLANG_ENABLE_OBJC_ARC = YES;
				CLANG_ENABLE_OBJC_WEAK = YES;
				CLANG_WARN_BLOCK_CAPTURE_AUTORELEASING = YES;
				CLANG_WARN_BOOL_CONVERSION = YES;
				CLANG_WARN_COMMA = YES;
				CLANG_WARN_CONSTANT_CONVERSION = YES;
				CLANG_WARN_DEPRECATED_OBJC_IMPLEMENTATIONS = YES;
				CLANG_WARN_DIRECT_OBJC_ISA_USAGE = YES_ERROR;
				CLANG_WARN_DOCUMENTATION_COMMENTS = YES;
				CLANG_WARN_EMPTY_BODY = YES;
				CLANG_WARN_ENUM_CONVERSION = YES;
				CLANG_WARN_INFINITE_RECURSION = YES;
				CLANG_WARN_INT_CONVERSION = YES;
				CLANG_WARN_NON_LITERAL_NULL_CONVERSION = YES;
				CLANG_WARN_OBJC_IMPLICIT_RETAIN_SELF = YES;
				CLANG_WARN_OBJC_LITERAL_CONVERSION = YES;
				CLANG_WARN_OBJC_ROOT_CLASS = YES_ERROR;
				CLANG_WARN_QUOTED_INCLUDE_IN_FRAMEWORK_HEADER = YES;
				CLANG_WARN_RANGE_LOOP_ANALYSIS = YES;
				CLANG_WARN_STRICT_PROTOTYPES = YES;
				CLANG_WARN_SUSPICIOUS_MOVE = YES;
				CLANG_WARN_UNGUARDED_AVAILABILITY = YES_AGGRESSIVE;
				CLANG_WARN_UNREACHABLE_CODE = YES;
				CLANG_WARN__DUPLICATE_METHOD_MATCH = YES;
				COPY_PHASE_STRIP = NO;
				DEBUG_INFORMATION_FORMAT = "dwarf-with-dsym";
				ENABLE_NS_ASSERTIONS = NO;
				ENABLE_STRICT_OBJC_MSGSEND = YES;
				GCC_C_LANGUAGE_STANDARD = gnu11;
				GCC_NO_COMMON_BLOCKS = YES;
				GCC_WARN_64_TO_32_BIT_CONVERSION = YES;
				GCC_WARN_ABOUT_RETURN_TYPE = YES_ERROR;
				GCC_WARN_UNDECLARED_SELECTOR = YES;
				GCC_WARN_UNINITIALIZED_AUTOS = YES_AGGRESSIVE;
				GCC_WARN_UNUSED_FUNCTION = YES;
				GCC_WARN_UNUSED_VARIABLE = YES;
				IPHONEOS_DEPLOYMENT_TARGET = 26.0;
				MTL_ENABLE_DEBUG_INFO = NO;
				MTL_FAST_MATH = YES;
				PRODUCT_NAME = "$(TARGET_NAME)";
				SDKROOT = iphoneos;
				SWIFT_COMPILATION_MODE = wholemodule;
				SWIFT_OPTIMIZATION_LEVEL = "-O";
				SWIFT_VERSION = 5.0;
			};
			name = Beta;
		};
		D05301475DE3EE35DBCB081E /* Beta */ = {
			isa = XCBuildConfiguration;
			buildSettings = {
				BUNDLE_LOADER = "$(TEST_HOST)";
				DEVELOPMENT_TEAM = 7WLXT3NR37;
				GENERATE_INFOPLIST_FILE = YES;
				HEADER_SEARCH_PATHS = (
					"$(inherited)",
					"$(SRCROOT)/../GhosttyKit.xcframework/ios-arm64-simulator/Headers",
				);
				LD_RUNPATH_SEARCH_PATHS = (
					"$(inherited)",
					"@executable_path/Frameworks",
					"@loader_path/Frameworks",
				);
				PRODUCT_BUNDLE_IDENTIFIER = dev.cmux.app.dev.uitests;
				SDKROOT = iphoneos;
				TARGETED_DEVICE_FAMILY = "1,2";
				TEST_TARGET_NAME = cmux;
			};
			name = Beta;
		};
		DF1B16901F2B7FBB801F5AB4 /* Release */ = {
			isa = XCBuildConfiguration;
			buildSettings = {
				BUNDLE_LOADER = "$(TEST_HOST)";
				DEVELOPMENT_TEAM = 7WLXT3NR37;
				GENERATE_INFOPLIST_FILE = YES;
				HEADER_SEARCH_PATHS = (
					"$(inherited)",
					"$(SRCROOT)/../GhosttyKit.xcframework/ios-arm64-simulator/Headers",
				);
				LD_RUNPATH_SEARCH_PATHS = (
					"$(inherited)",
					"@executable_path/Frameworks",
					"@loader_path/Frameworks",
				);
				PRODUCT_BUNDLE_IDENTIFIER = dev.cmux.app.dev.uitests;
				SDKROOT = iphoneos;
				TARGETED_DEVICE_FAMILY = "1,2";
				TEST_TARGET_NAME = cmux;
			};
			name = Release;
		};
/* End XCBuildConfiguration section */

/* Begin XCConfigurationList section */
		0F77D843AF9DF75B9AC7D9B7 /* Build configuration list for PBXProject "cmux" */ = {
			isa = XCConfigurationList;
			buildConfigurations = (
				B4D1D4CD67E1F8391FA76A24 /* Beta */,
				1553B07068B96981191CC8DF /* Debug */,
				6E9CF3EFB0808AD4B2DD0469 /* Release */,
			);
			defaultConfigurationIsVisible = 0;
			defaultConfigurationName = Beta;
		};
		5D5BA1E628F7B00E5FE18887 /* Build configuration list for PBXNativeTarget "cmuxUITests" */ = {
			isa = XCConfigurationList;
			buildConfigurations = (
				D05301475DE3EE35DBCB081E /* Beta */,
				066BAB781528BE0F431B5A66 /* Debug */,
				DF1B16901F2B7FBB801F5AB4 /* Release */,
			);
			defaultConfigurationIsVisible = 0;
			defaultConfigurationName = Beta;
		};
		B8D38E764907D8415FC65997 /* Build configuration list for PBXNativeTarget "cmux" */ = {
			isa = XCConfigurationList;
			buildConfigurations = (
				193F40ACF34DCB0905D44DCF /* Beta */,
				9BA58E73AEA870BAB62DC847 /* Debug */,
				A7C26788CC5F8B4C130CC476 /* Release */,
			);
			defaultConfigurationIsVisible = 0;
			defaultConfigurationName = Beta;
		};
		DF156F815023F84E8A3322F2 /* Build configuration list for PBXNativeTarget "cmuxTests" */ = {
			isa = XCConfigurationList;
			buildConfigurations = (
				8622CFFC8424FB4F9C853A0E /* Beta */,
				0CBBA52AF1889C321EC7598A /* Debug */,
				48B920C9E9FEEF8202E90958 /* Release */,
			);
			defaultConfigurationIsVisible = 0;
			defaultConfigurationName = Beta;
		};
/* End XCConfigurationList section */

/* Begin XCLocalSwiftPackageReference section */
		1315781DE5C6031B8DBA1EAE /* XCLocalSwiftPackageReference "vendor/stack-auth-swift-sdk-prerelease" */ = {
			isa = XCLocalSwiftPackageReference;
			relativePath = "vendor/stack-auth-swift-sdk-prerelease";
		};
		5A99F62E42DA31693B27DC74 /* XCLocalSwiftPackageReference "../Packages/CMUXAuthCore" */ = {
			isa = XCLocalSwiftPackageReference;
			relativePath = ../Packages/CMUXAuthCore;
		};
/* End XCLocalSwiftPackageReference section */

/* Begin XCRemoteSwiftPackageReference section */
		1AD0AFC578FF61E59214611B /* XCRemoteSwiftPackageReference "swift-nio-ssh" */ = {
			isa = XCRemoteSwiftPackageReference;
			repositoryURL = "https://github.com/apple/swift-nio-ssh.git";
			requirement = {
				kind = upToNextMajorVersion;
				minimumVersion = 0.12.0;
			};
		};
		382FDE313700D2C29F0D83F9 /* XCRemoteSwiftPackageReference "swift-nio" */ = {
			isa = XCRemoteSwiftPackageReference;
			repositoryURL = "https://github.com/apple/swift-nio.git";
			requirement = {
				kind = upToNextMajorVersion;
				minimumVersion = 2.96.0;
			};
		};
		6483AD9AFDD51874D0F6EECF /* XCRemoteSwiftPackageReference "sentry-cocoa" */ = {
			isa = XCRemoteSwiftPackageReference;
			repositoryURL = "https://github.com/getsentry/sentry-cocoa";
			requirement = {
				kind = upToNextMajorVersion;
				minimumVersion = 8.0.0;
			};
		};
		7C6D10429B3DC21D021B1E06 /* XCRemoteSwiftPackageReference "convex-swift" */ = {
			isa = XCRemoteSwiftPackageReference;
			repositoryURL = "https://github.com/get-convex/convex-swift";
			requirement = {
				kind = upToNextMajorVersion;
				minimumVersion = 0.1.0;
			};
		};
		F326B64CF9F9DFC421CB8192 /* XCRemoteSwiftPackageReference "swift-nio-transport-services" */ = {
			isa = XCRemoteSwiftPackageReference;
			repositoryURL = "https://github.com/apple/swift-nio-transport-services.git";
			requirement = {
				kind = upToNextMajorVersion;
				minimumVersion = 1.26.0;
			};
		};
/* End XCRemoteSwiftPackageReference section */

/* Begin XCSwiftPackageProductDependency section */
		2AB0CD82D816F53E55B1E103 /* Sentry */ = {
			isa = XCSwiftPackageProductDependency;
			package = 6483AD9AFDD51874D0F6EECF /* XCRemoteSwiftPackageReference "sentry-cocoa" */;
			productName = Sentry;
		};
		4C0C333BDE07456C757877E2 /* ConvexMobile */ = {
			isa = XCSwiftPackageProductDependency;
			package = 7C6D10429B3DC21D021B1E06 /* XCRemoteSwiftPackageReference "convex-swift" */;
			productName = ConvexMobile;
		};
		5A0190878FCF3FB8AC238548 /* NIOCore */ = {
			isa = XCSwiftPackageProductDependency;
			package = 382FDE313700D2C29F0D83F9 /* XCRemoteSwiftPackageReference "swift-nio" */;
			productName = NIOCore;
		};
		70B7D8E8C4D0F73976222600 /* StackAuth */ = {
			isa = XCSwiftPackageProductDependency;
			productName = StackAuth;
		};
		72DA3FA7AF11F833C684B151 /* CMUXAuthCore */ = {
			isa = XCSwiftPackageProductDependency;
			productName = CMUXAuthCore;
		};
		81DC3D6788E64B002C6B080E /* CMUXAuthCore */ = {
			isa = XCSwiftPackageProductDependency;
			productName = CMUXAuthCore;
		};
		CA746152467B13A53B76C9C1 /* NIOTransportServices */ = {
			isa = XCSwiftPackageProductDependency;
			package = F326B64CF9F9DFC421CB8192 /* XCRemoteSwiftPackageReference "swift-nio-transport-services" */;
			productName = NIOTransportServices;
		};
		F8A885851E1A86504D3A59DE /* NIOSSH */ = {
			isa = XCSwiftPackageProductDependency;
			package = 1AD0AFC578FF61E59214611B /* XCRemoteSwiftPackageReference "swift-nio-ssh" */;
			productName = NIOSSH;
		};
/* End XCSwiftPackageProductDependency section */
	};
	rootObject = 0BC297CC62DC5C500BBEB719 /* Project object */;
}
